PODS:
  - Alamofire (1.2.0)
  - Bolts (1.1.4)
  - Facebook-iOS-SDK (3.23.0):
    - Bolts (~> 1.0)
  - GoogleAnalytics-iOS-SDK (3.10):
    - GoogleAnalytics-iOS-SDK/Core (= 3.10)
  - GoogleAnalytics-iOS-SDK/Core (3.10)
  - SwiftTask (3.0.0)

DEPENDENCIES:
  - Alamofire (~> 1.2.0)
  - Facebook-iOS-SDK (~> 3.23)
  - GoogleAnalytics-iOS-SDK (~> 3.10)
  - SwiftTask (~> 3.0.0)

SPEC CHECKSUMS:
  Alamofire: d765c5c1713aa64106b0228aaa600a1e6851f68d
  Bolts: f8e2f94edbf9fec7bb8de5ecaaa3aa6b7de6f64e
  Facebook-iOS-SDK: fcb0fd5bcdb50f1fe9ce27bf6b8cdf1aa5b2b0ed
  GoogleAnalytics-iOS-SDK: 4f98a376c1d61e6ac4ca47951655820314856eef
  SwiftTask: 2f2c0a7db83def1d1e3bad518169be3f61c603f4

COCOAPODS: 0.36.3
