PODS:
  - Bolts (1.1.4)
  - Facebook-iOS-SDK (3.23.0):
    - Bolts (~> 1.0)
  - GoogleAnalytics-iOS-SDK (3.10):
    - GoogleAnalytics-iOS-SDK/Core
  - GoogleAnalytics-iOS-SDK/Core (3.10)

DEPENDENCIES:
  - Facebook-iOS-SDK (~> 3.23)
  - GoogleAnalytics-iOS-SDK (~> 3.10)

SPEC CHECKSUMS:
  Bolts: dd9fb8433d67f5acc3b6b4d1379bbc5513d716c1
  Facebook-iOS-SDK: 3d65f685348b789e46a9aacf92bfa85b60b63755
  GoogleAnalytics-iOS-SDK: f422062075d9ccb1ea8d783fc5ba3829461e9502

COCOAPODS: 0.34.4
