// !$*UTF8*$!
{
	archiveVersion = 1;
	classes = {
	};
	objectVersion = 46;
	objects = {

/* Begin PBXBuildFile section */
		6A604A32C528F8BB43AD4344 /* libPods.a in Frameworks */ = {isa = PBXBuildFile; fileRef = 56E4A22E13D9ADD016D461F6 /* libPods.a */; };
		B830CDDA1A82403B0038CAFE /* SearchViewController.swift in Sources */ = {isa = PBXBuildFile; fileRef = B830CDD91A82403B0038CAFE /* SearchViewController.swift */; };
		B830CDDC1A8240C30038CAFE /* Search.storyboard in Resources */ = {isa = PBXBuildFile; fileRef = B830CDDB1A8240C30038CAFE /* Search.storyboard */; };
		B8D9B2501A824DC700B30271 /* BaseViewController.swift in Sources */ = {isa = PBXBuildFile; fileRef = B8D9B24F1A824DC700B30271 /* BaseViewController.swift */; };
		B8D9B2561A82523400B30271 /* UIViewControllerExtension.swift in Sources */ = {isa = PBXBuildFile; fileRef = B8D9B2551A82523400B30271 /* UIViewControllerExtension.swift */; };
		B8D9B2591A82534A00B30271 /* UIViewExtension.swift in Sources */ = {isa = PBXBuildFile; fileRef = B8D9B2581A82534A00B30271 /* UIViewExtension.swift */; };
		B8D9B25D1A8254C400B30271 /* UIImageExtension.swift in Sources */ = {isa = PBXBuildFile; fileRef = B8D9B25C1A8254C400B30271 /* UIImageExtension.swift */; };
		B8D9B2611A8255DD00B30271 /* UIImage+ImageEffects.m in Sources */ = {isa = PBXBuildFile; fileRef = B8D9B2601A8255DD00B30271 /* UIImage+ImageEffects.m */; };
		B8FDC5131A818EDC00D4511E /* AppDelegate.swift in Sources */ = {isa = PBXBuildFile; fileRef = B8FDC5121A818EDC00D4511E /* AppDelegate.swift */; };
		B8FDC51A1A818EDC00D4511E /* Images.xcassets in Resources */ = {isa = PBXBuildFile; fileRef = B8FDC5191A818EDC00D4511E /* Images.xcassets */; };
		B8FDC51D1A818EDC00D4511E /* LaunchScreen.xib in Resources */ = {isa = PBXBuildFile; fileRef = B8FDC51B1A818EDC00D4511E /* LaunchScreen.xib */; };
		B8FDC5291A818EDC00D4511E /* bangTests.swift in Sources */ = {isa = PBXBuildFile; fileRef = B8FDC5281A818EDC00D4511E /* bangTests.swift */; };
/* End PBXBuildFile section */

/* Begin PBXContainerItemProxy section */
		B8FDC5231A818EDC00D4511E /* PBXContainerItemProxy */ = {
			isa = PBXContainerItemProxy;
			containerPortal = B8FDC5051A818EDC00D4511E /* Project object */;
			proxyType = 1;
			remoteGlobalIDString = B8FDC50C1A818EDC00D4511E;
			remoteInfo = bang;
		};
/* End PBXContainerItemProxy section */

/* Begin PBXFileReference section */
		07720D1FE88AFACC32454227 /* Pods.debug.xcconfig */ = {isa = PBXFileReference; includeInIndex = 1; lastKnownFileType = text.xcconfig; name = Pods.debug.xcconfig; path = "Pods/Target Support Files/Pods/Pods.debug.xcconfig"; sourceTree = "<group>"; };
		56E4A22E13D9ADD016D461F6 /* libPods.a */ = {isa = PBXFileReference; explicitFileType = archive.ar; includeInIndex = 0; path = libPods.a; sourceTree = BUILT_PRODUCTS_DIR; };
		9E24BFC2BD3FDB4B7751D942 /* Pods.release.xcconfig */ = {isa = PBXFileReference; includeInIndex = 1; lastKnownFileType = text.xcconfig; name = Pods.release.xcconfig; path = "Pods/Target Support Files/Pods/Pods.release.xcconfig"; sourceTree = "<group>"; };
		B830CDD91A82403B0038CAFE /* SearchViewController.swift */ = {isa = PBXFileReference; fileEncoding = 4; lastKnownFileType = sourcecode.swift; path = SearchViewController.swift; sourceTree = "<group>"; };
		B830CDDB1A8240C30038CAFE /* Search.storyboard */ = {isa = PBXFileReference; fileEncoding = 4; lastKnownFileType = file.storyboard; path = Search.storyboard; sourceTree = "<group>"; };
		B8D9B24F1A824DC700B30271 /* BaseViewController.swift */ = {isa = PBXFileReference; fileEncoding = 4; lastKnownFileType = sourcecode.swift; path = BaseViewController.swift; sourceTree = "<group>"; };
		B8D9B2551A82523400B30271 /* UIViewControllerExtension.swift */ = {isa = PBXFileReference; fileEncoding = 4; lastKnownFileType = sourcecode.swift; path = UIViewControllerExtension.swift; sourceTree = "<group>"; };
		B8D9B2581A82534A00B30271 /* UIViewExtension.swift */ = {isa = PBXFileReference; fileEncoding = 4; lastKnownFileType = sourcecode.swift; path = UIViewExtension.swift; sourceTree = "<group>"; };
		B8D9B25C1A8254C400B30271 /* UIImageExtension.swift */ = {isa = PBXFileReference; fileEncoding = 4; lastKnownFileType = sourcecode.swift; path = UIImageExtension.swift; sourceTree = "<group>"; };
		B8D9B25E1A8255DC00B30271 /* bang-Bridging-Header.h */ = {isa = PBXFileReference; lastKnownFileType = sourcecode.c.h; path = "bang-Bridging-Header.h"; sourceTree = "<group>"; };
		B8D9B25F1A8255DD00B30271 /* UIImage+ImageEffects.h */ = {isa = PBXFileReference; fileEncoding = 4; lastKnownFileType = sourcecode.c.h; path = "UIImage+ImageEffects.h"; sourceTree = "<group>"; };
		B8D9B2601A8255DD00B30271 /* UIImage+ImageEffects.m */ = {isa = PBXFileReference; fileEncoding = 4; lastKnownFileType = sourcecode.c.objc; path = "UIImage+ImageEffects.m"; sourceTree = "<group>"; };
		B8FDC50D1A818EDC00D4511E /* bang.app */ = {isa = PBXFileReference; explicitFileType = wrapper.application; includeInIndex = 0; path = bang.app; sourceTree = BUILT_PRODUCTS_DIR; };
		B8FDC5111A818EDC00D4511E /* Info.plist */ = {isa = PBXFileReference; lastKnownFileType = text.plist.xml; path = Info.plist; sourceTree = "<group>"; };
		B8FDC5121A818EDC00D4511E /* AppDelegate.swift */ = {isa = PBXFileReference; lastKnownFileType = sourcecode.swift; path = AppDelegate.swift; sourceTree = "<group>"; };
		B8FDC5191A818EDC00D4511E /* Images.xcassets */ = {isa = PBXFileReference; lastKnownFileType = folder.assetcatalog; path = Images.xcassets; sourceTree = "<group>"; };
		B8FDC51C1A818EDC00D4511E /* Base */ = {isa = PBXFileReference; lastKnownFileType = file.xib; name = Base; path = Base.lproj/LaunchScreen.xib; sourceTree = "<group>"; };
		B8FDC5221A818EDC00D4511E /* bangTests.xctest */ = {isa = PBXFileReference; explicitFileType = wrapper.cfbundle; includeInIndex = 0; path = bangTests.xctest; sourceTree = BUILT_PRODUCTS_DIR; };
		B8FDC5271A818EDC00D4511E /* Info.plist */ = {isa = PBXFileReference; lastKnownFileType = text.plist.xml; path = Info.plist; sourceTree = "<group>"; };
		B8FDC5281A818EDC00D4511E /* bangTests.swift */ = {isa = PBXFileReference; lastKnownFileType = sourcecode.swift; path = bangTests.swift; sourceTree = "<group>"; };
/* End PBXFileReference section */

/* Begin PBXFrameworksBuildPhase section */
		B8FDC50A1A818EDC00D4511E /* Frameworks */ = {
			isa = PBXFrameworksBuildPhase;
			buildActionMask = 2147483647;
			files = (
				6A604A32C528F8BB43AD4344 /* libPods.a in Frameworks */,
			);
			runOnlyForDeploymentPostprocessing = 0;
		};
		B8FDC51F1A818EDC00D4511E /* Frameworks */ = {
			isa = PBXFrameworksBuildPhase;
			buildActionMask = 2147483647;
			files = (
			);
			runOnlyForDeploymentPostprocessing = 0;
		};
/* End PBXFrameworksBuildPhase section */

/* Begin PBXGroup section */
		1ABD86FDCA087A64C6C39FF8 /* Pods */ = {
			isa = PBXGroup;
			children = (
				07720D1FE88AFACC32454227 /* Pods.debug.xcconfig */,
				9E24BFC2BD3FDB4B7751D942 /* Pods.release.xcconfig */,
			);
			name = Pods;
			sourceTree = "<group>";
		};
		2ABF3CDD21B556A72AAEB1C7 /* Frameworks */ = {
			isa = PBXGroup;
			children = (
				56E4A22E13D9ADD016D461F6 /* libPods.a */,
			);
			name = Frameworks;
			sourceTree = "<group>";
		};
		B830CDD61A823C6A0038CAFE /* StoryBoards */ = {
			isa = PBXGroup;
			children = (
				B830CDDB1A8240C30038CAFE /* Search.storyboard */,
			);
			path = StoryBoards;
			sourceTree = "<group>";
		};
		B830CDD71A823DE40038CAFE /* ViewControllers */ = {
			isa = PBXGroup;
			children = (
				B8D9B24F1A824DC700B30271 /* BaseViewController.swift */,
				B830CDD91A82403B0038CAFE /* SearchViewController.swift */,
			);
			path = ViewControllers;
			sourceTree = "<group>";
		};
		B830CDD81A823E290038CAFE /* Scripts */ = {
			isa = PBXGroup;
			children = (
				B8D9B2571A82529B00B30271 /* Vendors */,
				B8D9B2531A824E2F00B30271 /* Utils */,
				B8D9B2521A824E2300B30271 /* Models */,
				B8D9B2541A8250F100B30271 /* Extensions */,
				B8D9B2511A824DEA00B30271 /* Views */,
				B830CDD71A823DE40038CAFE /* ViewControllers */,
				B8FDC5121A818EDC00D4511E /* AppDelegate.swift */,
			);
			path = Scripts;
			sourceTree = "<group>";
		};
		B8D9B2511A824DEA00B30271 /* Views */ = {
			isa = PBXGroup;
			children = (
			);
			path = Views;
			sourceTree = "<group>";
		};
		B8D9B2521A824E2300B30271 /* Models */ = {
			isa = PBXGroup;
			children = (
			);
			path = Models;
			sourceTree = "<group>";
		};
		B8D9B2531A824E2F00B30271 /* Utils */ = {
			isa = PBXGroup;
			children = (
			);
			path = Utils;
			sourceTree = "<group>";
		};
		B8D9B2541A8250F100B30271 /* Extensions */ = {
			isa = PBXGroup;
			children = (
				B8D9B2551A82523400B30271 /* UIViewControllerExtension.swift */,
				B8D9B2581A82534A00B30271 /* UIViewExtension.swift */,
				B8D9B25C1A8254C400B30271 /* UIImageExtension.swift */,
			);
			path = Extensions;
			sourceTree = "<group>";
		};
		B8D9B2571A82529B00B30271 /* Vendors */ = {
			isa = PBXGroup;
			children = (
				B8D9B25E1A8255DC00B30271 /* bang-Bridging-Header.h */,
				B8D9B25F1A8255DD00B30271 /* UIImage+ImageEffects.h */,
				B8D9B2601A8255DD00B30271 /* UIImage+ImageEffects.m */,
			);
			path = Vendors;
			sourceTree = "<group>";
		};
		B8FDC5041A818EDB00D4511E = {
			isa = PBXGroup;
			children = (
				B8FDC50F1A818EDC00D4511E /* bang */,
				B8FDC5251A818EDC00D4511E /* bangTests */,
				B8FDC50E1A818EDC00D4511E /* Products */,
				1ABD86FDCA087A64C6C39FF8 /* Pods */,
				2ABF3CDD21B556A72AAEB1C7 /* Frameworks */,
			);
			sourceTree = "<group>";
		};
		B8FDC50E1A818EDC00D4511E /* Products */ = {
			isa = PBXGroup;
			children = (
				B8FDC50D1A818EDC00D4511E /* bang.app */,
				B8FDC5221A818EDC00D4511E /* bangTests.xctest */,
			);
			name = Products;
			sourceTree = "<group>";
		};
		B8FDC50F1A818EDC00D4511E /* bang */ = {
			isa = PBXGroup;
			children = (
				B830CDD81A823E290038CAFE /* Scripts */,
				B830CDD61A823C6A0038CAFE /* StoryBoards */,
				B8FDC5191A818EDC00D4511E /* Images.xcassets */,
				B8FDC51B1A818EDC00D4511E /* LaunchScreen.xib */,
				B8FDC5101A818EDC00D4511E /* Supporting Files */,
			);
			path = bang;
			sourceTree = "<group>";
		};
		B8FDC5101A818EDC00D4511E /* Supporting Files */ = {
			isa = PBXGroup;
			children = (
				B8FDC5111A818EDC00D4511E /* Info.plist */,
			);
			name = "Supporting Files";
			sourceTree = "<group>";
		};
		B8FDC5251A818EDC00D4511E /* bangTests */ = {
			isa = PBXGroup;
			children = (
				B8FDC5281A818EDC00D4511E /* bangTests.swift */,
				B8FDC5261A818EDC00D4511E /* Supporting Files */,
			);
			path = bangTests;
			sourceTree = "<group>";
		};
		B8FDC5261A818EDC00D4511E /* Supporting Files */ = {
			isa = PBXGroup;
			children = (
				B8FDC5271A818EDC00D4511E /* Info.plist */,
			);
			name = "Supporting Files";
			sourceTree = "<group>";
		};
/* End PBXGroup section */

/* Begin PBXNativeTarget section */
		B8FDC50C1A818EDC00D4511E /* bang */ = {
			isa = PBXNativeTarget;
			buildConfigurationList = B8FDC52C1A818EDC00D4511E /* Build configuration list for PBXNativeTarget "bang" */;
			buildPhases = (
				A19BD1C32E1DFF15FCE33D28 /* Check Pods Manifest.lock */,
				B8FDC5091A818EDC00D4511E /* Sources */,
				B8FDC50A1A818EDC00D4511E /* Frameworks */,
				B8FDC50B1A818EDC00D4511E /* Resources */,
				5EE929952E2FBC37FEB12447 /* Copy Pods Resources */,
			);
			buildRules = (
			);
			dependencies = (
			);
			name = bang;
			productName = bang;
			productReference = B8FDC50D1A818EDC00D4511E /* bang.app */;
			productType = "com.apple.product-type.application";
		};
		B8FDC5211A818EDC00D4511E /* bangTests */ = {
			isa = PBXNativeTarget;
			buildConfigurationList = B8FDC52F1A818EDC00D4511E /* Build configuration list for PBXNativeTarget "bangTests" */;
			buildPhases = (
				B8FDC51E1A818EDC00D4511E /* Sources */,
				B8FDC51F1A818EDC00D4511E /* Frameworks */,
				B8FDC5201A818EDC00D4511E /* Resources */,
			);
			buildRules = (
			);
			dependencies = (
				B8FDC5241A818EDC00D4511E /* PBXTargetDependency */,
			);
			name = bangTests;
			productName = bangTests;
			productReference = B8FDC5221A818EDC00D4511E /* bangTests.xctest */;
			productType = "com.apple.product-type.bundle.unit-test";
		};
/* End PBXNativeTarget section */

/* Begin PBXProject section */
		B8FDC5051A818EDC00D4511E /* Project object */ = {
			isa = PBXProject;
			attributes = {
				LastUpgradeCheck = 0610;
				ORGANIZATIONNAME = "Yoshikazu Oda";
				TargetAttributes = {
					B8FDC50C1A818EDC00D4511E = {
						CreatedOnToolsVersion = 6.1.1;
					};
					B8FDC5211A818EDC00D4511E = {
						CreatedOnToolsVersion = 6.1.1;
						TestTargetID = B8FDC50C1A818EDC00D4511E;
					};
				};
			};
			buildConfigurationList = B8FDC5081A818EDC00D4511E /* Build configuration list for PBXProject "bang" */;
			compatibilityVersion = "Xcode 3.2";
			developmentRegion = English;
			hasScannedForEncodings = 0;
			knownRegions = (
				en,
				Base,
			);
			mainGroup = B8FDC5041A818EDB00D4511E;
			productRefGroup = B8FDC50E1A818EDC00D4511E /* Products */;
			projectDirPath = "";
			projectRoot = "";
			targets = (
				B8FDC50C1A818EDC00D4511E /* bang */,
				B8FDC5211A818EDC00D4511E /* bangTests */,
			);
		};
/* End PBXProject section */

/* Begin PBXResourcesBuildPhase section */
		B8FDC50B1A818EDC00D4511E /* Resources */ = {
			isa = PBXResourcesBuildPhase;
			buildActionMask = 2147483647;
			files = (
				B8FDC51D1A818EDC00D4511E /* LaunchScreen.xib in Resources */,
				B830CDDC1A8240C30038CAFE /* Search.storyboard in Resources */,
				B8FDC51A1A818EDC00D4511E /* Images.xcassets in Resources */,
			);
			runOnlyForDeploymentPostprocessing = 0;
		};
		B8FDC5201A818EDC00D4511E /* Resources */ = {
			isa = PBXResourcesBuildPhase;
			buildActionMask = 2147483647;
			files = (
			);
			runOnlyForDeploymentPostprocessing = 0;
		};
/* End PBXResourcesBuildPhase section */

/* Begin PBXShellScriptBuildPhase section */
		5EE929952E2FBC37FEB12447 /* Copy Pods Resources */ = {
			isa = PBXShellScriptBuildPhase;
			buildActionMask = 2147483647;
			files = (
			);
			inputPaths = (
			);
			name = "Copy Pods Resources";
			outputPaths = (
			);
			runOnlyForDeploymentPostprocessing = 0;
			shellPath = /bin/sh;
			shellScript = "\"${SRCROOT}/Pods/Target Support Files/Pods/Pods-resources.sh\"\n";
			showEnvVarsInLog = 0;
		};
		A19BD1C32E1DFF15FCE33D28 /* Check Pods Manifest.lock */ = {
			isa = PBXShellScriptBuildPhase;
			buildActionMask = 2147483647;
			files = (
			);
			inputPaths = (
			);
			name = "Check Pods Manifest.lock";
			outputPaths = (
			);
			runOnlyForDeploymentPostprocessing = 0;
			shellPath = /bin/sh;
			shellScript = "diff \"${PODS_ROOT}/../Podfile.lock\" \"${PODS_ROOT}/Manifest.lock\" > /dev/null\nif [[ $? != 0 ]] ; then\n    cat << EOM\nerror: The sandbox is not in sync with the Podfile.lock. Run 'pod install' or update your CocoaPods installation.\nEOM\n    exit 1\nfi\n";
			showEnvVarsInLog = 0;
		};
/* End PBXShellScriptBuildPhase section */

/* Begin PBXSourcesBuildPhase section */
		B8FDC5091A818EDC00D4511E /* Sources */ = {
			isa = PBXSourcesBuildPhase;
			buildActionMask = 2147483647;
			files = (
				B8D9B2591A82534A00B30271 /* UIViewExtension.swift in Sources */,
				B8D9B2561A82523400B30271 /* UIViewControllerExtension.swift in Sources */,
				B8D9B2611A8255DD00B30271 /* UIImage+ImageEffects.m in Sources */,
				B830CDDA1A82403B0038CAFE /* SearchViewController.swift in Sources */,
				B8FDC5131A818EDC00D4511E /* AppDelegate.swift in Sources */,
				B8D9B2501A824DC700B30271 /* BaseViewController.swift in Sources */,
				B8D9B25D1A8254C400B30271 /* UIImageExtension.swift in Sources */,
			);
			runOnlyForDeploymentPostprocessing = 0;
		};
		B8FDC51E1A818EDC00D4511E /* Sources */ = {
			isa = PBXSourcesBuildPhase;
			buildActionMask = 2147483647;
			files = (
				B8FDC5291A818EDC00D4511E /* bangTests.swift in Sources */,
			);
			runOnlyForDeploymentPostprocessing = 0;
		};
/* End PBXSourcesBuildPhase section */

/* Begin PBXTargetDependency section */
		B8FDC5241A818EDC00D4511E /* PBXTargetDependency */ = {
			isa = PBXTargetDependency;
			target = B8FDC50C1A818EDC00D4511E /* bang */;
			targetProxy = B8FDC5231A818EDC00D4511E /* PBXContainerItemProxy */;
		};
/* End PBXTargetDependency section */

/* Begin PBXVariantGroup section */
		B8FDC51B1A818EDC00D4511E /* LaunchScreen.xib */ = {
			isa = PBXVariantGroup;
			children = (
				B8FDC51C1A818EDC00D4511E /* Base */,
			);
			name = LaunchScreen.xib;
			sourceTree = "<group>";
		};
/* End PBXVariantGroup section */

/* Begin XCBuildConfiguration section */
		B8FDC52A1A818EDC00D4511E /* Debug */ = {
			isa = XCBuildConfiguration;
			buildSettings = {
				ALWAYS_SEARCH_USER_PATHS = NO;
				CLANG_CXX_LANGUAGE_STANDARD = "gnu++0x";
				CLANG_CXX_LIBRARY = "libc++";
				CLANG_ENABLE_MODULES = YES;
				CLANG_ENABLE_OBJC_ARC = YES;
				CLANG_WARN_BOOL_CONVERSION = YES;
				CLANG_WARN_CONSTANT_CONVERSION = YES;
				CLANG_WARN_DIRECT_OBJC_ISA_USAGE = YES_ERROR;
				CLANG_WARN_EMPTY_BODY = YES;
				CLANG_WARN_ENUM_CONVERSION = YES;
				CLANG_WARN_INT_CONVERSION = YES;
				CLANG_WARN_OBJC_ROOT_CLASS = YES_ERROR;
				CLANG_WARN_UNREACHABLE_CODE = YES;
				CLANG_WARN__DUPLICATE_METHOD_MATCH = YES;
				"CODE_SIGN_IDENTITY[sdk=iphoneos*]" = "iPhone Developer";
				COPY_PHASE_STRIP = NO;
				ENABLE_STRICT_OBJC_MSGSEND = YES;
				GCC_C_LANGUAGE_STANDARD = gnu99;
				GCC_DYNAMIC_NO_PIC = NO;
				GCC_OPTIMIZATION_LEVEL = 0;
				GCC_PREPROCESSOR_DEFINITIONS = (
					"DEBUG=1",
					"$(inherited)",
				);
				GCC_SYMBOLS_PRIVATE_EXTERN = NO;
				GCC_WARN_64_TO_32_BIT_CONVERSION = YES;
				GCC_WARN_ABOUT_RETURN_TYPE = YES_ERROR;
				GCC_WARN_UNDECLARED_SELECTOR = YES;
				GCC_WARN_UNINITIALIZED_AUTOS = YES_AGGRESSIVE;
				GCC_WARN_UNUSED_FUNCTION = YES;
				GCC_WARN_UNUSED_VARIABLE = YES;
				IPHONEOS_DEPLOYMENT_TARGET = 8.1;
				MTL_ENABLE_DEBUG_INFO = YES;
				ONLY_ACTIVE_ARCH = YES;
				SDKROOT = iphoneos;
				SWIFT_OPTIMIZATION_LEVEL = "-Onone";
			};
			name = Debug;
		};
		B8FDC52B1A818EDC00D4511E /* Release */ = {
			isa = XCBuildConfiguration;
			buildSettings = {
				ALWAYS_SEARCH_USER_PATHS = NO;
				CLANG_CXX_LANGUAGE_STANDARD = "gnu++0x";
				CLANG_CXX_LIBRARY = "libc++";
				CLANG_ENABLE_MODULES = YES;
				CLANG_ENABLE_OBJC_ARC = YES;
				CLANG_WARN_BOOL_CONVERSION = YES;
				CLANG_WARN_CONSTANT_CONVERSION = YES;
				CLANG_WARN_DIRECT_OBJC_ISA_USAGE = YES_ERROR;
				CLANG_WARN_EMPTY_BODY = YES;
				CLANG_WARN_ENUM_CONVERSION = YES;
				CLANG_WARN_INT_CONVERSION = YES;
				CLANG_WARN_OBJC_ROOT_CLASS = YES_ERROR;
				CLANG_WARN_UNREACHABLE_CODE = YES;
				CLANG_WARN__DUPLICATE_METHOD_MATCH = YES;
				"CODE_SIGN_IDENTITY[sdk=iphoneos*]" = "iPhone Developer";
				COPY_PHASE_STRIP = YES;
				ENABLE_NS_ASSERTIONS = NO;
				ENABLE_STRICT_OBJC_MSGSEND = YES;
				GCC_C_LANGUAGE_STANDARD = gnu99;
				GCC_WARN_64_TO_32_BIT_CONVERSION = YES;
				GCC_WARN_ABOUT_RETURN_TYPE = YES_ERROR;
				GCC_WARN_UNDECLARED_SELECTOR = YES;
				GCC_WARN_UNINITIALIZED_AUTOS = YES_AGGRESSIVE;
				GCC_WARN_UNUSED_FUNCTION = YES;
				GCC_WARN_UNUSED_VARIABLE = YES;
				IPHONEOS_DEPLOYMENT_TARGET = 8.1;
				MTL_ENABLE_DEBUG_INFO = NO;
				SDKROOT = iphoneos;
				VALIDATE_PRODUCT = YES;
			};
			name = Release;
		};
		B8FDC52D1A818EDC00D4511E /* Debug */ = {
			isa = XCBuildConfiguration;
			baseConfigurationReference = 07720D1FE88AFACC32454227 /* Pods.debug.xcconfig */;
			buildSettings = {
				ASSETCATALOG_COMPILER_APPICON_NAME = AppIcon;
				CLANG_ENABLE_MODULES = YES;
				INFOPLIST_FILE = bang/Info.plist;
				LD_RUNPATH_SEARCH_PATHS = "$(inherited) @executable_path/Frameworks";
				PRODUCT_NAME = "$(TARGET_NAME)";
				SWIFT_OBJC_BRIDGING_HEADER = "bang/Scripts/Vendors/bang-Bridging-Header.h";
				SWIFT_OPTIMIZATION_LEVEL = "-Onone";
			};
			name = Debug;
		};
		B8FDC52E1A818EDC00D4511E /* Release */ = {
			isa = XCBuildConfiguration;
			baseConfigurationReference = 9E24BFC2BD3FDB4B7751D942 /* Pods.release.xcconfig */;
			buildSettings = {
				ASSETCATALOG_COMPILER_APPICON_NAME = AppIcon;
				CLANG_ENABLE_MODULES = YES;
				INFOPLIST_FILE = bang/Info.plist;
				LD_RUNPATH_SEARCH_PATHS = "$(inherited) @executable_path/Frameworks";
				PRODUCT_NAME = "$(TARGET_NAME)";
				SWIFT_OBJC_BRIDGING_HEADER = "bang/Scripts/Vendors/bang-Bridging-Header.h";
			};
			name = Release;
		};
		B8FDC5301A818EDC00D4511E /* Debug */ = {
			isa = XCBuildConfiguration;
			buildSettings = {
				BUNDLE_LOADER = "$(TEST_HOST)";
				FRAMEWORK_SEARCH_PATHS = (
					"$(SDKROOT)/Developer/Library/Frameworks",
					"$(inherited)",
				);
				GCC_PREPROCESSOR_DEFINITIONS = (
					"DEBUG=1",
					"$(inherited)",
				);
				INFOPLIST_FILE = bangTests/Info.plist;
				LD_RUNPATH_SEARCH_PATHS = "$(inherited) @executable_path/Frameworks @loader_path/Frameworks";
				PRODUCT_NAME = "$(TARGET_NAME)";
				TEST_HOST = "$(BUILT_PRODUCTS_DIR)/bang.app/bang";
			};
			name = Debug;
		};
		B8FDC5311A818EDC00D4511E /* Release */ = {
			isa = XCBuildConfiguration;
			buildSettings = {
				BUNDLE_LOADER = "$(TEST_HOST)";
				FRAMEWORK_SEARCH_PATHS = (
					"$(SDKROOT)/Developer/Library/Frameworks",
					"$(inherited)",
				);
				INFOPLIST_FILE = bangTests/Info.plist;
				LD_RUNPATH_SEARCH_PATHS = "$(inherited) @executable_path/Frameworks @loader_path/Frameworks";
				PRODUCT_NAME = "$(TARGET_NAME)";
				TEST_HOST = "$(BUILT_PRODUCTS_DIR)/bang.app/bang";
			};
			name = Release;
		};
/* End XCBuildConfiguration section */

/* Begin XCConfigurationList section */
		B8FDC5081A818EDC00D4511E /* Build configuration list for PBXProject "bang" */ = {
			isa = XCConfigurationList;
			buildConfigurations = (
				B8FDC52A1A818EDC00D4511E /* Debug */,
				B8FDC52B1A818EDC00D4511E /* Release */,
			);
			defaultConfigurationIsVisible = 0;
			defaultConfigurationName = Release;
		};
		B8FDC52C1A818EDC00D4511E /* Build configuration list for PBXNativeTarget "bang" */ = {
			isa = XCConfigurationList;
			buildConfigurations = (
				B8FDC52D1A818EDC00D4511E /* Debug */,
				B8FDC52E1A818EDC00D4511E /* Release */,
			);
			defaultConfigurationIsVisible = 0;
			defaultConfigurationName = Release;
		};
		B8FDC52F1A818EDC00D4511E /* Build configuration list for PBXNativeTarget "bangTests" */ = {
			isa = XCConfigurationList;
			buildConfigurations = (
				B8FDC5301A818EDC00D4511E /* Debug */,
				B8FDC5311A818EDC00D4511E /* Release */,
			);
			defaultConfigurationIsVisible = 0;
			defaultConfigurationName = Release;
		};
/* End XCConfigurationList section */
	};
	rootObject = B8FDC5051A818EDC00D4511E /* Project object */;
}
