// !$*UTF8*$!
{
	archiveVersion = 1;
	classes = {
	};
	objectVersion = 46;
	objects = {

/* Begin PBXBuildFile section */
		40A54690F851E512A9FB79DC /* Pods.framework in Frameworks */ = {isa = PBXBuildFile; fileRef = 2402A515E3FAD2530DBCB7FE /* Pods.framework */; settings = {ATTRIBUTES = (Weak, ); }; };
		4EFDA3E79AFC38B598C73549 /* Pods.framework in Frameworks */ = {isa = PBXBuildFile; fileRef = 2402A515E3FAD2530DBCB7FE /* Pods.framework */; settings = {ATTRIBUTES = (Weak, ); }; };
		B807F3361AB433D300571ACB /* Tracker.swift in Sources */ = {isa = PBXBuildFile; fileRef = B807F3351AB433D300571ACB /* Tracker.swift */; };
		B80D21151ABC5BEC00405EAE /* QueueManager.swift in Sources */ = {isa = PBXBuildFile; fileRef = B80D21141ABC5BEC00405EAE /* QueueManager.swift */; };
		B8187BC51B1603CF00E23716 /* MiddleSearch.storyboard in Resources */ = {isa = PBXBuildFile; fileRef = B8187BC41B1603CF00E23716 /* MiddleSearch.storyboard */; };
		B8187BC91B16044900E23716 /* MiddleSearchViewController.swift in Sources */ = {isa = PBXBuildFile; fileRef = B8187BC81B16044900E23716 /* MiddleSearchViewController.swift */; };
		B8187BCB1B1748C800E23716 /* SearchTargetCollectionViewCell.swift in Sources */ = {isa = PBXBuildFile; fileRef = B8187BCA1B1748C800E23716 /* SearchTargetCollectionViewCell.swift */; };
		B821152D1ADA55AB002CCA46 /* APIManager.swift in Sources */ = {isa = PBXBuildFile; fileRef = B821152C1ADA55AB002CCA46 /* APIManager.swift */; };
		B821152F1ADA6B5F002CCA46 /* GeneralInfo.swift in Sources */ = {isa = PBXBuildFile; fileRef = B821152E1ADA6B5F002CCA46 /* GeneralInfo.swift */; };
		B82448401A8EF07700B540A4 /* Login.storyboard in Resources */ = {isa = PBXBuildFile; fileRef = B824483F1A8EF07700B540A4 /* Login.storyboard */; };
		B82448421A8EF16C00B540A4 /* LoginViewController.swift in Sources */ = {isa = PBXBuildFile; fileRef = B82448411A8EF16C00B540A4 /* LoginViewController.swift */; };
		B82448441A8F183400B540A4 /* FacebookManager.swift in Sources */ = {isa = PBXBuildFile; fileRef = B82448431A8F183400B540A4 /* FacebookManager.swift */; };
		B824484A1A9043E300B540A4 /* Profile.storyboard in Resources */ = {isa = PBXBuildFile; fileRef = B82448491A9043E300B540A4 /* Profile.storyboard */; };
		B824484C1A90441600B540A4 /* ProfileViewController.swift in Sources */ = {isa = PBXBuildFile; fileRef = B824484B1A90441600B540A4 /* ProfileViewController.swift */; };
		B82448521A90CE7F00B540A4 /* Localizable.strings in Resources */ = {isa = PBXBuildFile; fileRef = B82448541A90CE7F00B540A4 /* Localizable.strings */; };
		B82448571A9824AF00B540A4 /* GlobalData.swift in Sources */ = {isa = PBXBuildFile; fileRef = B82448561A9824AF00B540A4 /* GlobalData.swift */; };
		B82CA4561AEBBBF400159D99 /* BLEConfig.swift in Sources */ = {isa = PBXBuildFile; fileRef = B82CA4551AEBBBF400159D99 /* BLEConfig.swift */; };
		B82CA4591AEC788200159D99 /* BFTask+Extension.swift in Sources */ = {isa = PBXBuildFile; fileRef = B82CA4581AEC788200159D99 /* BFTask+Extension.swift */; };
		B82CA45B1AEC7C4100159D99 /* Alert.swift in Sources */ = {isa = PBXBuildFile; fileRef = B82CA45A1AEC7C4100159D99 /* Alert.swift */; };
		B830CDDA1A82403B0038CAFE /* ShortSearchViewController.swift in Sources */ = {isa = PBXBuildFile; fileRef = B830CDD91A82403B0038CAFE /* ShortSearchViewController.swift */; };
		B830CDDC1A8240C30038CAFE /* ShortSearch.storyboard in Resources */ = {isa = PBXBuildFile; fileRef = B830CDDB1A8240C30038CAFE /* ShortSearch.storyboard */; };
		B838B6DA1AF4667F00243580 /* GCD.swift in Sources */ = {isa = PBXBuildFile; fileRef = B838B6D91AF4667F00243580 /* GCD.swift */; };
		B84A6EB41AF441FC00A7C632 /* UserDto.swift in Sources */ = {isa = PBXBuildFile; fileRef = B84A6EB31AF441FC00A7C632 /* UserDto.swift */; };
		B84A6EB61AF4422500A7C632 /* _UserDto.swift in Sources */ = {isa = PBXBuildFile; fileRef = B84A6EB51AF4422500A7C632 /* _UserDto.swift */; };
		B84A6EB81AF4432B00A7C632 /* Gender.swift in Sources */ = {isa = PBXBuildFile; fileRef = B84A6EB71AF4432B00A7C632 /* Gender.swift */; };
		B84A6EBA1AF446CC00A7C632 /* UserStatus.swift in Sources */ = {isa = PBXBuildFile; fileRef = B84A6EB91AF446CC00A7C632 /* UserStatus.swift */; };
		B84A6EBC1AF44D2600A7C632 /* Date.swift in Sources */ = {isa = PBXBuildFile; fileRef = B84A6EBB1AF44D2600A7C632 /* Date.swift */; };
		B84A6EBE1AF4578900A7C632 /* DataStore.swift in Sources */ = {isa = PBXBuildFile; fileRef = B84A6EBD1AF4578900A7C632 /* DataStore.swift */; };
		B84A6EC11AF45A6B00A7C632 /* NSManagedObject+Extension.swift in Sources */ = {isa = PBXBuildFile; fileRef = B84A6EC01AF45A6B00A7C632 /* NSManagedObject+Extension.swift */; };
		B84BF5EB1B19E68500067C4A /* APIManager+Bang.swift in Sources */ = {isa = PBXBuildFile; fileRef = B84BF5EA1B19E68500067C4A /* APIManager+Bang.swift */; };
		B84BF5ED1B1C1C1E00067C4A /* RequestedBangViewController.swift in Sources */ = {isa = PBXBuildFile; fileRef = B84BF5EC1B1C1C1D00067C4A /* RequestedBangViewController.swift */; };
		B84BF5EF1B1C1C3A00067C4A /* RequestedBang.storyboard in Resources */ = {isa = PBXBuildFile; fileRef = B84BF5EE1B1C1C3A00067C4A /* RequestedBang.storyboard */; };
		B84BF5F11B1C1D9700067C4A /* RequestedBangTableViewCell.swift in Sources */ = {isa = PBXBuildFile; fileRef = B84BF5F01B1C1D9700067C4A /* RequestedBangTableViewCell.swift */; };
		B84BF5FA1B24254E00067C4A /* APIResponse+UserBang.swift in Sources */ = {isa = PBXBuildFile; fileRef = B84BF5F91B24254E00067C4A /* APIResponse+UserBang.swift */; };
		B84BF5FC1B24272000067C4A /* BangStatus.swift in Sources */ = {isa = PBXBuildFile; fileRef = B84BF5FB1B24272000067C4A /* BangStatus.swift */; };
		B84BF5FE1B2428D200067C4A /* UserBangDto.swift in Sources */ = {isa = PBXBuildFile; fileRef = B84BF5FD1B2428D200067C4A /* UserBangDto.swift */; };
		B84BF6001B2428E800067C4A /* _UserBangDto.swift in Sources */ = {isa = PBXBuildFile; fileRef = B84BF5FF1B2428E800067C4A /* _UserBangDto.swift */; };
		B84BF6031B24856900067C4A /* RequestedBangDataHandler.swift in Sources */ = {isa = PBXBuildFile; fileRef = B84BF6021B24856900067C4A /* RequestedBangDataHandler.swift */; };
		B84BF6061B350CE000067C4A /* DefaultFetchedResultsControllerDelegate.swift in Sources */ = {isa = PBXBuildFile; fileRef = B84BF6051B350CE000067C4A /* DefaultFetchedResultsControllerDelegate.swift */; };
		B84BF6081B35951B00067C4A /* GlobalFunctions.swift in Sources */ = {isa = PBXBuildFile; fileRef = B84BF6071B35951B00067C4A /* GlobalFunctions.swift */; };
		B84BF60A1B364AA100067C4A /* ProgressHUD.swift in Sources */ = {isa = PBXBuildFile; fileRef = B84BF6091B364AA100067C4A /* ProgressHUD.swift */; };
		B84BF60D1B366F5B00067C4A /* ConversationTableViewCell.swift in Sources */ = {isa = PBXBuildFile; fileRef = B84BF60C1B366F5B00067C4A /* ConversationTableViewCell.swift */; };
		B84BF60F1B36727100067C4A /* ConversationDataHandler.swift in Sources */ = {isa = PBXBuildFile; fileRef = B84BF60E1B36727100067C4A /* ConversationDataHandler.swift */; };
		B84BF6111B36F06200067C4A /* ConversationDto.swift in Sources */ = {isa = PBXBuildFile; fileRef = B84BF6101B36F06100067C4A /* ConversationDto.swift */; };
		B84BF6151B36F08000067C4A /* _ConversationDto.swift in Sources */ = {isa = PBXBuildFile; fileRef = B84BF6141B36F08000067C4A /* _ConversationDto.swift */; };
		B84BF6191B38533B00067C4A /* APIResponse+Conversation.swift in Sources */ = {isa = PBXBuildFile; fileRef = B84BF6181B38533B00067C4A /* APIResponse+Conversation.swift */; };
		B84BF61D1B3853C300067C4A /* ConversationKind.swift in Sources */ = {isa = PBXBuildFile; fileRef = B84BF61C1B3853C300067C4A /* ConversationKind.swift */; };
		B84BF61F1B3856B500067C4A /* ConversationUserDto.swift in Sources */ = {isa = PBXBuildFile; fileRef = B84BF61E1B3856B500067C4A /* ConversationUserDto.swift */; };
		B84BF6211B3856C000067C4A /* _ConversationUserDto.swift in Sources */ = {isa = PBXBuildFile; fileRef = B84BF6201B3856C000067C4A /* _ConversationUserDto.swift */; };
		B84BF6231B3857B300067C4A /* APIResponse+ConversationUser.swift in Sources */ = {isa = PBXBuildFile; fileRef = B84BF6221B3857B300067C4A /* APIResponse+ConversationUser.swift */; };
		B84BF6251B39A26E00067C4A /* APIManager+Conversation.swift in Sources */ = {isa = PBXBuildFile; fileRef = B84BF6241B39A26E00067C4A /* APIManager+Conversation.swift */; };
		B84BF62A1B3C3FF100067C4A /* ConversationDetail.storyboard in Resources */ = {isa = PBXBuildFile; fileRef = B84BF6291B3C3FF100067C4A /* ConversationDetail.storyboard */; };
		B84BF62F1B3C42FF00067C4A /* ConversationDetailViewController.swift in Sources */ = {isa = PBXBuildFile; fileRef = B84BF62E1B3C42FF00067C4A /* ConversationDetailViewController.swift */; };
		B84BF6321B3CCD5300067C4A /* NotificationManager.swift in Sources */ = {isa = PBXBuildFile; fileRef = B84BF6311B3CCD5300067C4A /* NotificationManager.swift */; };
		B84BF6361B3EEC2200067C4A /* KeyboardDisplayDetector.swift in Sources */ = {isa = PBXBuildFile; fileRef = B84BF6351B3EEC2200067C4A /* KeyboardDisplayDetector.swift */; };
		B84BF6381B3EF24000067C4A /* NSNotificationCenter+Extension.swift in Sources */ = {isa = PBXBuildFile; fileRef = B84BF6371B3EF24000067C4A /* NSNotificationCenter+Extension.swift */; };
		B85A3D101AEFBCC3008AC7B8 /* bang.xcdatamodeld in Sources */ = {isa = PBXBuildFile; fileRef = B85A3D0E1AEFBCC3008AC7B8 /* bang.xcdatamodeld */; };
		B899149E1A8C1F69003E8930 /* BLECentralManager.swift in Sources */ = {isa = PBXBuildFile; fileRef = B899149D1A8C1F69003E8930 /* BLECentralManager.swift */; };
		B8B979CC1AE67FE600BC3E2C /* APIResponse.swift in Sources */ = {isa = PBXBuildFile; fileRef = B8B979CB1AE67FE600BC3E2C /* APIResponse.swift */; };
		B8B9AB791AF77A8E009FEE4B /* TabBarViewController.swift in Sources */ = {isa = PBXBuildFile; fileRef = B8B9AB781AF77A8E009FEE4B /* TabBarViewController.swift */; };
		B8C1884B1AE3397600037552 /* BFTask+API.swift in Sources */ = {isa = PBXBuildFile; fileRef = B8C1884A1AE3397600037552 /* BFTask+API.swift */; };
		B8C1884F1AE3C6A200037552 /* BFTask+Facebook.swift in Sources */ = {isa = PBXBuildFile; fileRef = B8C1884E1AE3C6A200037552 /* BFTask+Facebook.swift */; };
		B8C188511AE3D70200037552 /* MyAccount.swift in Sources */ = {isa = PBXBuildFile; fileRef = B8C188501AE3D70100037552 /* MyAccount.swift */; };
		B8D9B2561A82523400B30271 /* UIViewController+Extension.swift in Sources */ = {isa = PBXBuildFile; fileRef = B8D9B2551A82523400B30271 /* UIViewController+Extension.swift */; };
		B8D9B2591A82534A00B30271 /* UIView+Extension.swift in Sources */ = {isa = PBXBuildFile; fileRef = B8D9B2581A82534A00B30271 /* UIView+Extension.swift */; };
		B8D9B25D1A8254C400B30271 /* UIImage+Extension.swift in Sources */ = {isa = PBXBuildFile; fileRef = B8D9B25C1A8254C400B30271 /* UIImage+Extension.swift */; };
		B8D9B2611A8255DD00B30271 /* UIImage+ImageEffects.m in Sources */ = {isa = PBXBuildFile; fileRef = B8D9B2601A8255DD00B30271 /* UIImage+ImageEffects.m */; };
		B8DD29871A8B13840024ABD0 /* CoreBluetooth.framework in Frameworks */ = {isa = PBXBuildFile; fileRef = B8DD29861A8B13840024ABD0 /* CoreBluetooth.framework */; };
		B8DD298C1A8B1CC10024ABD0 /* BLEEnum+Extension.swift in Sources */ = {isa = PBXBuildFile; fileRef = B8DD298B1A8B1CC10024ABD0 /* BLEEnum+Extension.swift */; };
		B8E6D9A71ABE46B00094D582 /* CoreLocation.framework in Frameworks */ = {isa = PBXBuildFile; fileRef = B8E6D9A61ABE46B00094D582 /* CoreLocation.framework */; };
		B8E6D9A91ABE55840094D582 /* LocationManager.swift in Sources */ = {isa = PBXBuildFile; fileRef = B8E6D9A81ABE55840094D582 /* LocationManager.swift */; };
		B8EA20FA1A99D35E00BD0164 /* Conversation.storyboard in Resources */ = {isa = PBXBuildFile; fileRef = B8EA20F91A99D35E00BD0164 /* Conversation.storyboard */; };
		B8EA20FC1A99D37700BD0164 /* ConversationViewController.swift in Sources */ = {isa = PBXBuildFile; fileRef = B8EA20FB1A99D37700BD0164 /* ConversationViewController.swift */; };
		B8F1389C1A8A4B84002A820E /* BLEPeripheralManager.swift in Sources */ = {isa = PBXBuildFile; fileRef = B8F1389B1A8A4B84002A820E /* BLEPeripheralManager.swift */; };
		B8F1389F1A8A4D13002A820E /* RoundedCornersView.swift in Sources */ = {isa = PBXBuildFile; fileRef = B8F1389E1A8A4D13002A820E /* RoundedCornersView.swift */; };
		B8F547541ADC197B00548883 /* APIManager+User.swift in Sources */ = {isa = PBXBuildFile; fileRef = B8F547531ADC197B00548883 /* APIManager+User.swift */; };
		B8F9C6951AE687CB003320AB /* APIResponse+User.swift in Sources */ = {isa = PBXBuildFile; fileRef = B8F9C6941AE687CB003320AB /* APIResponse+User.swift */; };
		B8F9C6971AE6947D003320AB /* APIResponse+Facebook.swift in Sources */ = {isa = PBXBuildFile; fileRef = B8F9C6961AE6947D003320AB /* APIResponse+Facebook.swift */; };
		B8F9C6991AEB9C8F003320AB /* Error.swift in Sources */ = {isa = PBXBuildFile; fileRef = B8F9C6981AEB9C8F003320AB /* Error.swift */; };
		B8FDC5131A818EDC00D4511E /* AppDelegate.swift in Sources */ = {isa = PBXBuildFile; fileRef = B8FDC5121A818EDC00D4511E /* AppDelegate.swift */; };
		B8FDC51A1A818EDC00D4511E /* Images.xcassets in Resources */ = {isa = PBXBuildFile; fileRef = B8FDC5191A818EDC00D4511E /* Images.xcassets */; };
		B8FDC51D1A818EDC00D4511E /* LaunchScreen.xib in Resources */ = {isa = PBXBuildFile; fileRef = B8FDC51B1A818EDC00D4511E /* LaunchScreen.xib */; };
		B8FDC5291A818EDC00D4511E /* bangTests.swift in Sources */ = {isa = PBXBuildFile; fileRef = B8FDC5281A818EDC00D4511E /* bangTests.swift */; };
/* End PBXBuildFile section */

/* Begin PBXContainerItemProxy section */
		B8FDC5231A818EDC00D4511E /* PBXContainerItemProxy */ = {
			isa = PBXContainerItemProxy;
			containerPortal = B8FDC5051A818EDC00D4511E /* Project object */;
			proxyType = 1;
			remoteGlobalIDString = B8FDC50C1A818EDC00D4511E;
			remoteInfo = bang;
		};
/* End PBXContainerItemProxy section */

/* Begin PBXFileReference section */
		07720D1FE88AFACC32454227 /* Pods.debug.xcconfig */ = {isa = PBXFileReference; includeInIndex = 1; lastKnownFileType = text.xcconfig; name = Pods.debug.xcconfig; path = "Pods/Target Support Files/Pods/Pods.debug.xcconfig"; sourceTree = "<group>"; };
		2402A515E3FAD2530DBCB7FE /* Pods.framework */ = {isa = PBXFileReference; explicitFileType = wrapper.framework; includeInIndex = 0; path = Pods.framework; sourceTree = BUILT_PRODUCTS_DIR; };
		9E24BFC2BD3FDB4B7751D942 /* Pods.release.xcconfig */ = {isa = PBXFileReference; includeInIndex = 1; lastKnownFileType = text.xcconfig; name = Pods.release.xcconfig; path = "Pods/Target Support Files/Pods/Pods.release.xcconfig"; sourceTree = "<group>"; };
		B807F3351AB433D300571ACB /* Tracker.swift */ = {isa = PBXFileReference; fileEncoding = 4; lastKnownFileType = sourcecode.swift; path = Tracker.swift; sourceTree = "<group>"; };
		B80D21141ABC5BEC00405EAE /* QueueManager.swift */ = {isa = PBXFileReference; fileEncoding = 4; lastKnownFileType = sourcecode.swift; path = QueueManager.swift; sourceTree = "<group>"; };
		B8187BC41B1603CF00E23716 /* MiddleSearch.storyboard */ = {isa = PBXFileReference; fileEncoding = 4; lastKnownFileType = file.storyboard; path = MiddleSearch.storyboard; sourceTree = "<group>"; };
		B8187BC81B16044900E23716 /* MiddleSearchViewController.swift */ = {isa = PBXFileReference; fileEncoding = 4; lastKnownFileType = sourcecode.swift; path = MiddleSearchViewController.swift; sourceTree = "<group>"; };
		B8187BCA1B1748C800E23716 /* SearchTargetCollectionViewCell.swift */ = {isa = PBXFileReference; fileEncoding = 4; lastKnownFileType = sourcecode.swift; path = SearchTargetCollectionViewCell.swift; sourceTree = "<group>"; };
		B821152C1ADA55AB002CCA46 /* APIManager.swift */ = {isa = PBXFileReference; fileEncoding = 4; lastKnownFileType = sourcecode.swift; path = APIManager.swift; sourceTree = "<group>"; };
		B821152E1ADA6B5F002CCA46 /* GeneralInfo.swift */ = {isa = PBXFileReference; fileEncoding = 4; lastKnownFileType = sourcecode.swift; path = GeneralInfo.swift; sourceTree = "<group>"; };
		B824483F1A8EF07700B540A4 /* Login.storyboard */ = {isa = PBXFileReference; fileEncoding = 4; lastKnownFileType = file.storyboard; path = Login.storyboard; sourceTree = "<group>"; };
		B82448411A8EF16C00B540A4 /* LoginViewController.swift */ = {isa = PBXFileReference; fileEncoding = 4; lastKnownFileType = sourcecode.swift; path = LoginViewController.swift; sourceTree = "<group>"; };
		B82448431A8F183400B540A4 /* FacebookManager.swift */ = {isa = PBXFileReference; fileEncoding = 4; lastKnownFileType = sourcecode.swift; name = FacebookManager.swift; path = bang/Scripts/Functions/Facebook/FacebookManager.swift; sourceTree = SOURCE_ROOT; };
		B82448491A9043E300B540A4 /* Profile.storyboard */ = {isa = PBXFileReference; fileEncoding = 4; lastKnownFileType = file.storyboard; path = Profile.storyboard; sourceTree = "<group>"; };
		B824484B1A90441600B540A4 /* ProfileViewController.swift */ = {isa = PBXFileReference; fileEncoding = 4; lastKnownFileType = sourcecode.swift; path = ProfileViewController.swift; sourceTree = "<group>"; };
		B82448531A90CE7F00B540A4 /* Base */ = {isa = PBXFileReference; lastKnownFileType = text.plist.strings; name = Base; path = Base.lproj/Localizable.strings; sourceTree = "<group>"; };
		B82448551A90CE8500B540A4 /* ja */ = {isa = PBXFileReference; lastKnownFileType = text.plist.strings; name = ja; path = ja.lproj/Localizable.strings; sourceTree = "<group>"; };
		B82448561A9824AF00B540A4 /* GlobalData.swift */ = {isa = PBXFileReference; fileEncoding = 4; lastKnownFileType = sourcecode.swift; path = GlobalData.swift; sourceTree = "<group>"; };
		B82CA4551AEBBBF400159D99 /* BLEConfig.swift */ = {isa = PBXFileReference; fileEncoding = 4; lastKnownFileType = sourcecode.swift; path = BLEConfig.swift; sourceTree = "<group>"; };
		B82CA4581AEC788200159D99 /* BFTask+Extension.swift */ = {isa = PBXFileReference; fileEncoding = 4; lastKnownFileType = sourcecode.swift; path = "BFTask+Extension.swift"; sourceTree = "<group>"; };
		B82CA45A1AEC7C4100159D99 /* Alert.swift */ = {isa = PBXFileReference; fileEncoding = 4; lastKnownFileType = sourcecode.swift; path = Alert.swift; sourceTree = "<group>"; };
		B830CDD91A82403B0038CAFE /* ShortSearchViewController.swift */ = {isa = PBXFileReference; fileEncoding = 4; lastKnownFileType = sourcecode.swift; path = ShortSearchViewController.swift; sourceTree = "<group>"; };
		B830CDDB1A8240C30038CAFE /* ShortSearch.storyboard */ = {isa = PBXFileReference; fileEncoding = 4; lastKnownFileType = file.storyboard; path = ShortSearch.storyboard; sourceTree = "<group>"; };
		B838B6D91AF4667F00243580 /* GCD.swift */ = {isa = PBXFileReference; fileEncoding = 4; lastKnownFileType = sourcecode.swift; path = GCD.swift; sourceTree = "<group>"; };
		B84A6EB31AF441FC00A7C632 /* UserDto.swift */ = {isa = PBXFileReference; fileEncoding = 4; lastKnownFileType = sourcecode.swift; path = UserDto.swift; sourceTree = "<group>"; };
		B84A6EB51AF4422500A7C632 /* _UserDto.swift */ = {isa = PBXFileReference; fileEncoding = 4; lastKnownFileType = sourcecode.swift; path = _UserDto.swift; sourceTree = "<group>"; };
		B84A6EB71AF4432B00A7C632 /* Gender.swift */ = {isa = PBXFileReference; fileEncoding = 4; lastKnownFileType = sourcecode.swift; path = Gender.swift; sourceTree = "<group>"; };
		B84A6EB91AF446CC00A7C632 /* UserStatus.swift */ = {isa = PBXFileReference; fileEncoding = 4; lastKnownFileType = sourcecode.swift; path = UserStatus.swift; sourceTree = "<group>"; };
		B84A6EBB1AF44D2600A7C632 /* Date.swift */ = {isa = PBXFileReference; fileEncoding = 4; lastKnownFileType = sourcecode.swift; path = Date.swift; sourceTree = "<group>"; };
		B84A6EBD1AF4578900A7C632 /* DataStore.swift */ = {isa = PBXFileReference; fileEncoding = 4; lastKnownFileType = sourcecode.swift; path = DataStore.swift; sourceTree = "<group>"; };
		B84A6EC01AF45A6B00A7C632 /* NSManagedObject+Extension.swift */ = {isa = PBXFileReference; fileEncoding = 4; lastKnownFileType = sourcecode.swift; path = "NSManagedObject+Extension.swift"; sourceTree = "<group>"; };
		B84BF5EA1B19E68500067C4A /* APIManager+Bang.swift */ = {isa = PBXFileReference; fileEncoding = 4; lastKnownFileType = sourcecode.swift; path = "APIManager+Bang.swift"; sourceTree = "<group>"; };
		B84BF5EC1B1C1C1D00067C4A /* RequestedBangViewController.swift */ = {isa = PBXFileReference; fileEncoding = 4; lastKnownFileType = sourcecode.swift; path = RequestedBangViewController.swift; sourceTree = "<group>"; };
		B84BF5EE1B1C1C3A00067C4A /* RequestedBang.storyboard */ = {isa = PBXFileReference; fileEncoding = 4; lastKnownFileType = file.storyboard; path = RequestedBang.storyboard; sourceTree = "<group>"; };
		B84BF5F01B1C1D9700067C4A /* RequestedBangTableViewCell.swift */ = {isa = PBXFileReference; fileEncoding = 4; lastKnownFileType = sourcecode.swift; path = RequestedBangTableViewCell.swift; sourceTree = "<group>"; };
		B84BF5F91B24254E00067C4A /* APIResponse+UserBang.swift */ = {isa = PBXFileReference; fileEncoding = 4; lastKnownFileType = sourcecode.swift; path = "APIResponse+UserBang.swift"; sourceTree = "<group>"; };
		B84BF5FB1B24272000067C4A /* BangStatus.swift */ = {isa = PBXFileReference; fileEncoding = 4; lastKnownFileType = sourcecode.swift; path = BangStatus.swift; sourceTree = "<group>"; };
		B84BF5FD1B2428D200067C4A /* UserBangDto.swift */ = {isa = PBXFileReference; fileEncoding = 4; lastKnownFileType = sourcecode.swift; path = UserBangDto.swift; sourceTree = "<group>"; };
		B84BF5FF1B2428E800067C4A /* _UserBangDto.swift */ = {isa = PBXFileReference; fileEncoding = 4; lastKnownFileType = sourcecode.swift; path = _UserBangDto.swift; sourceTree = "<group>"; };
		B84BF6021B24856900067C4A /* RequestedBangDataHandler.swift */ = {isa = PBXFileReference; fileEncoding = 4; lastKnownFileType = sourcecode.swift; path = RequestedBangDataHandler.swift; sourceTree = "<group>"; };
		B84BF6051B350CE000067C4A /* DefaultFetchedResultsControllerDelegate.swift */ = {isa = PBXFileReference; fileEncoding = 4; lastKnownFileType = sourcecode.swift; path = DefaultFetchedResultsControllerDelegate.swift; sourceTree = "<group>"; };
		B84BF6071B35951B00067C4A /* GlobalFunctions.swift */ = {isa = PBXFileReference; fileEncoding = 4; lastKnownFileType = sourcecode.swift; path = GlobalFunctions.swift; sourceTree = "<group>"; };
		B84BF6091B364AA100067C4A /* ProgressHUD.swift */ = {isa = PBXFileReference; fileEncoding = 4; lastKnownFileType = sourcecode.swift; path = ProgressHUD.swift; sourceTree = "<group>"; };
		B84BF60C1B366F5B00067C4A /* ConversationTableViewCell.swift */ = {isa = PBXFileReference; fileEncoding = 4; lastKnownFileType = sourcecode.swift; path = ConversationTableViewCell.swift; sourceTree = "<group>"; };
		B84BF60E1B36727100067C4A /* ConversationDataHandler.swift */ = {isa = PBXFileReference; fileEncoding = 4; lastKnownFileType = sourcecode.swift; path = ConversationDataHandler.swift; sourceTree = "<group>"; };
		B84BF6101B36F06100067C4A /* ConversationDto.swift */ = {isa = PBXFileReference; fileEncoding = 4; lastKnownFileType = sourcecode.swift; path = ConversationDto.swift; sourceTree = "<group>"; };
		B84BF6141B36F08000067C4A /* _ConversationDto.swift */ = {isa = PBXFileReference; fileEncoding = 4; lastKnownFileType = sourcecode.swift; path = _ConversationDto.swift; sourceTree = "<group>"; };
		B84BF6181B38533B00067C4A /* APIResponse+Conversation.swift */ = {isa = PBXFileReference; fileEncoding = 4; lastKnownFileType = sourcecode.swift; path = "APIResponse+Conversation.swift"; sourceTree = "<group>"; };
		B84BF61C1B3853C300067C4A /* ConversationKind.swift */ = {isa = PBXFileReference; fileEncoding = 4; lastKnownFileType = sourcecode.swift; path = ConversationKind.swift; sourceTree = "<group>"; };
		B84BF61E1B3856B500067C4A /* ConversationUserDto.swift */ = {isa = PBXFileReference; fileEncoding = 4; lastKnownFileType = sourcecode.swift; path = ConversationUserDto.swift; sourceTree = "<group>"; };
		B84BF6201B3856C000067C4A /* _ConversationUserDto.swift */ = {isa = PBXFileReference; fileEncoding = 4; lastKnownFileType = sourcecode.swift; path = _ConversationUserDto.swift; sourceTree = "<group>"; };
		B84BF6221B3857B300067C4A /* APIResponse+ConversationUser.swift */ = {isa = PBXFileReference; fileEncoding = 4; lastKnownFileType = sourcecode.swift; path = "APIResponse+ConversationUser.swift"; sourceTree = "<group>"; };
		B84BF6241B39A26E00067C4A /* APIManager+Conversation.swift */ = {isa = PBXFileReference; fileEncoding = 4; lastKnownFileType = sourcecode.swift; path = "APIManager+Conversation.swift"; sourceTree = "<group>"; };
		B84BF6291B3C3FF100067C4A /* ConversationDetail.storyboard */ = {isa = PBXFileReference; fileEncoding = 4; lastKnownFileType = file.storyboard; path = ConversationDetail.storyboard; sourceTree = "<group>"; };
		B84BF62E1B3C42FF00067C4A /* ConversationDetailViewController.swift */ = {isa = PBXFileReference; fileEncoding = 4; lastKnownFileType = sourcecode.swift; path = ConversationDetailViewController.swift; sourceTree = "<group>"; };
		B84BF6311B3CCD5300067C4A /* NotificationManager.swift */ = {isa = PBXFileReference; fileEncoding = 4; lastKnownFileType = sourcecode.swift; path = NotificationManager.swift; sourceTree = "<group>"; };
		B84BF6351B3EEC2200067C4A /* KeyboardDisplayDetector.swift */ = {isa = PBXFileReference; fileEncoding = 4; lastKnownFileType = sourcecode.swift; path = KeyboardDisplayDetector.swift; sourceTree = "<group>"; };
		B84BF6371B3EF24000067C4A /* NSNotificationCenter+Extension.swift */ = {isa = PBXFileReference; fileEncoding = 4; lastKnownFileType = sourcecode.swift; path = "NSNotificationCenter+Extension.swift"; sourceTree = "<group>"; };
		B85A3D0F1AEFBCC3008AC7B8 /* bang.xcdatamodel */ = {isa = PBXFileReference; lastKnownFileType = wrapper.xcdatamodel; path = bang.xcdatamodel; sourceTree = "<group>"; };
		B899149D1A8C1F69003E8930 /* BLECentralManager.swift */ = {isa = PBXFileReference; fileEncoding = 4; lastKnownFileType = sourcecode.swift; path = BLECentralManager.swift; sourceTree = "<group>"; };
		B8B979CB1AE67FE600BC3E2C /* APIResponse.swift */ = {isa = PBXFileReference; fileEncoding = 4; lastKnownFileType = sourcecode.swift; path = APIResponse.swift; sourceTree = "<group>"; };
		B8B9AB781AF77A8E009FEE4B /* TabBarViewController.swift */ = {isa = PBXFileReference; fileEncoding = 4; lastKnownFileType = sourcecode.swift; path = TabBarViewController.swift; sourceTree = "<group>"; };
		B8C1884A1AE3397600037552 /* BFTask+API.swift */ = {isa = PBXFileReference; fileEncoding = 4; lastKnownFileType = sourcecode.swift; path = "BFTask+API.swift"; sourceTree = "<group>"; };
		B8C1884E1AE3C6A200037552 /* BFTask+Facebook.swift */ = {isa = PBXFileReference; fileEncoding = 4; lastKnownFileType = sourcecode.swift; path = "BFTask+Facebook.swift"; sourceTree = "<group>"; };
		B8C188501AE3D70100037552 /* MyAccount.swift */ = {isa = PBXFileReference; fileEncoding = 4; lastKnownFileType = sourcecode.swift; path = MyAccount.swift; sourceTree = "<group>"; };
		B8D9B2551A82523400B30271 /* UIViewController+Extension.swift */ = {isa = PBXFileReference; fileEncoding = 4; lastKnownFileType = sourcecode.swift; path = "UIViewController+Extension.swift"; sourceTree = "<group>"; };
		B8D9B2581A82534A00B30271 /* UIView+Extension.swift */ = {isa = PBXFileReference; fileEncoding = 4; lastKnownFileType = sourcecode.swift; path = "UIView+Extension.swift"; sourceTree = "<group>"; };
		B8D9B25C1A8254C400B30271 /* UIImage+Extension.swift */ = {isa = PBXFileReference; fileEncoding = 4; lastKnownFileType = sourcecode.swift; path = "UIImage+Extension.swift"; sourceTree = "<group>"; };
		B8D9B25E1A8255DC00B30271 /* bang-Bridging-Header.h */ = {isa = PBXFileReference; lastKnownFileType = sourcecode.c.h; path = "bang-Bridging-Header.h"; sourceTree = "<group>"; };
		B8D9B25F1A8255DD00B30271 /* UIImage+ImageEffects.h */ = {isa = PBXFileReference; fileEncoding = 4; lastKnownFileType = sourcecode.c.h; path = "UIImage+ImageEffects.h"; sourceTree = "<group>"; };
		B8D9B2601A8255DD00B30271 /* UIImage+ImageEffects.m */ = {isa = PBXFileReference; fileEncoding = 4; lastKnownFileType = sourcecode.c.objc; path = "UIImage+ImageEffects.m"; sourceTree = "<group>"; };
		B8DD29861A8B13840024ABD0 /* CoreBluetooth.framework */ = {isa = PBXFileReference; lastKnownFileType = wrapper.framework; name = CoreBluetooth.framework; path = System/Library/Frameworks/CoreBluetooth.framework; sourceTree = SDKROOT; };
		B8DD298B1A8B1CC10024ABD0 /* BLEEnum+Extension.swift */ = {isa = PBXFileReference; fileEncoding = 4; lastKnownFileType = sourcecode.swift; path = "BLEEnum+Extension.swift"; sourceTree = "<group>"; };
		B8E6D9A61ABE46B00094D582 /* CoreLocation.framework */ = {isa = PBXFileReference; lastKnownFileType = wrapper.framework; name = CoreLocation.framework; path = System/Library/Frameworks/CoreLocation.framework; sourceTree = SDKROOT; };
		B8E6D9A81ABE55840094D582 /* LocationManager.swift */ = {isa = PBXFileReference; fileEncoding = 4; lastKnownFileType = sourcecode.swift; path = LocationManager.swift; sourceTree = "<group>"; };
		B8EA20F91A99D35E00BD0164 /* Conversation.storyboard */ = {isa = PBXFileReference; fileEncoding = 4; lastKnownFileType = file.storyboard; path = Conversation.storyboard; sourceTree = "<group>"; };
		B8EA20FB1A99D37700BD0164 /* ConversationViewController.swift */ = {isa = PBXFileReference; fileEncoding = 4; lastKnownFileType = sourcecode.swift; path = ConversationViewController.swift; sourceTree = "<group>"; };
		B8F1389B1A8A4B84002A820E /* BLEPeripheralManager.swift */ = {isa = PBXFileReference; fileEncoding = 4; lastKnownFileType = sourcecode.swift; path = BLEPeripheralManager.swift; sourceTree = "<group>"; };
		B8F1389E1A8A4D13002A820E /* RoundedCornersView.swift */ = {isa = PBXFileReference; fileEncoding = 4; lastKnownFileType = sourcecode.swift; path = RoundedCornersView.swift; sourceTree = "<group>"; };
		B8F547531ADC197B00548883 /* APIManager+User.swift */ = {isa = PBXFileReference; fileEncoding = 4; lastKnownFileType = sourcecode.swift; path = "APIManager+User.swift"; sourceTree = "<group>"; };
		B8F9C6941AE687CB003320AB /* APIResponse+User.swift */ = {isa = PBXFileReference; fileEncoding = 4; lastKnownFileType = sourcecode.swift; path = "APIResponse+User.swift"; sourceTree = "<group>"; };
		B8F9C6961AE6947D003320AB /* APIResponse+Facebook.swift */ = {isa = PBXFileReference; fileEncoding = 4; lastKnownFileType = sourcecode.swift; path = "APIResponse+Facebook.swift"; sourceTree = "<group>"; };
		B8F9C6981AEB9C8F003320AB /* Error.swift */ = {isa = PBXFileReference; fileEncoding = 4; lastKnownFileType = sourcecode.swift; path = Error.swift; sourceTree = "<group>"; };
		B8FDC50D1A818EDC00D4511E /* bang.app */ = {isa = PBXFileReference; explicitFileType = wrapper.application; includeInIndex = 0; path = bang.app; sourceTree = BUILT_PRODUCTS_DIR; };
		B8FDC5111A818EDC00D4511E /* Info.plist */ = {isa = PBXFileReference; lastKnownFileType = text.plist.xml; path = Info.plist; sourceTree = "<group>"; };
		B8FDC5121A818EDC00D4511E /* AppDelegate.swift */ = {isa = PBXFileReference; lastKnownFileType = sourcecode.swift; path = AppDelegate.swift; sourceTree = "<group>"; };
		B8FDC5191A818EDC00D4511E /* Images.xcassets */ = {isa = PBXFileReference; lastKnownFileType = folder.assetcatalog; path = Images.xcassets; sourceTree = "<group>"; };
		B8FDC51C1A818EDC00D4511E /* Base */ = {isa = PBXFileReference; lastKnownFileType = file.xib; name = Base; path = Base.lproj/LaunchScreen.xib; sourceTree = "<group>"; };
		B8FDC5221A818EDC00D4511E /* bangTests.xctest */ = {isa = PBXFileReference; explicitFileType = wrapper.cfbundle; includeInIndex = 0; path = bangTests.xctest; sourceTree = BUILT_PRODUCTS_DIR; };
		B8FDC5271A818EDC00D4511E /* Info.plist */ = {isa = PBXFileReference; lastKnownFileType = text.plist.xml; path = Info.plist; sourceTree = "<group>"; };
		B8FDC5281A818EDC00D4511E /* bangTests.swift */ = {isa = PBXFileReference; lastKnownFileType = sourcecode.swift; path = bangTests.swift; sourceTree = "<group>"; };
		BBAE2F279994230D144938DB /* Pods.adhoc.xcconfig */ = {isa = PBXFileReference; includeInIndex = 1; lastKnownFileType = text.xcconfig; name = Pods.adhoc.xcconfig; path = "Pods/Target Support Files/Pods/Pods.adhoc.xcconfig"; sourceTree = "<group>"; };
/* End PBXFileReference section */

/* Begin PBXFrameworksBuildPhase section */
		B8FDC50A1A818EDC00D4511E /* Frameworks */ = {
			isa = PBXFrameworksBuildPhase;
			buildActionMask = 2147483647;
			files = (
				B8E6D9A71ABE46B00094D582 /* CoreLocation.framework in Frameworks */,
				B8DD29871A8B13840024ABD0 /* CoreBluetooth.framework in Frameworks */,
				40A54690F851E512A9FB79DC /* Pods.framework in Frameworks */,
			);
			runOnlyForDeploymentPostprocessing = 0;
		};
		B8FDC51F1A818EDC00D4511E /* Frameworks */ = {
			isa = PBXFrameworksBuildPhase;
			buildActionMask = 2147483647;
			files = (
				4EFDA3E79AFC38B598C73549 /* Pods.framework in Frameworks */,
			);
			runOnlyForDeploymentPostprocessing = 0;
		};
/* End PBXFrameworksBuildPhase section */

/* Begin PBXGroup section */
		1ABD86FDCA087A64C6C39FF8 /* Pods */ = {
			isa = PBXGroup;
			children = (
				07720D1FE88AFACC32454227 /* Pods.debug.xcconfig */,
				9E24BFC2BD3FDB4B7751D942 /* Pods.release.xcconfig */,
				BBAE2F279994230D144938DB /* Pods.adhoc.xcconfig */,
			);
			name = Pods;
			sourceTree = "<group>";
		};
		2ABF3CDD21B556A72AAEB1C7 /* Frameworks */ = {
			isa = PBXGroup;
			children = (
				B8E6D9A61ABE46B00094D582 /* CoreLocation.framework */,
				B8DD29861A8B13840024ABD0 /* CoreBluetooth.framework */,
				2402A515E3FAD2530DBCB7FE /* Pods.framework */,
			);
			name = Frameworks;
			sourceTree = "<group>";
		};
		B81475F31AD8AA750099A878 /* BLE */ = {
			isa = PBXGroup;
			children = (
				B8DD298B1A8B1CC10024ABD0 /* BLEEnum+Extension.swift */,
				B8F1389B1A8A4B84002A820E /* BLEPeripheralManager.swift */,
				B899149D1A8C1F69003E8930 /* BLECentralManager.swift */,
				B82CA4551AEBBBF400159D99 /* BLEConfig.swift */,
			);
			path = BLE;
			sourceTree = "<group>";
		};
		B81475F41AD8AAC90099A878 /* Extensions */ = {
			isa = PBXGroup;
			children = (
				B8D9B2581A82534A00B30271 /* UIView+Extension.swift */,
				B8D9B25C1A8254C400B30271 /* UIImage+Extension.swift */,
			);
			path = Extensions;
			sourceTree = "<group>";
		};
		B81475F51AD8AAD20099A878 /* Extensions */ = {
			isa = PBXGroup;
			children = (
				B8D9B2551A82523400B30271 /* UIViewController+Extension.swift */,
			);
			path = Extensions;
			sourceTree = "<group>";
		};
		B821152B1ADA5581002CCA46 /* API */ = {
			isa = PBXGroup;
			children = (
				B821152C1ADA55AB002CCA46 /* APIManager.swift */,
				B8F547531ADC197B00548883 /* APIManager+User.swift */,
				B84BF5EA1B19E68500067C4A /* APIManager+Bang.swift */,
				B84BF6241B39A26E00067C4A /* APIManager+Conversation.swift */,
				B8C1884A1AE3397600037552 /* BFTask+API.swift */,
			);
			path = API;
			sourceTree = "<group>";
		};
		B82CA4571AEC783B00159D99 /* Extensions */ = {
			isa = PBXGroup;
			children = (
				B82CA4581AEC788200159D99 /* BFTask+Extension.swift */,
				B84BF6371B3EF24000067C4A /* NSNotificationCenter+Extension.swift */,
			);
			path = Extensions;
			sourceTree = "<group>";
		};
		B830CDD61A823C6A0038CAFE /* StoryBoards */ = {
			isa = PBXGroup;
			children = (
				B84BF6261B3C3DB000067C4A /* Entry */,
				B84BF6271B3C3DBC00067C4A /* Main */,
				B84BF62B1B3C405900067C4A /* Sub */,
				B84BF6281B3C3DC100067C4A /* Search */,
			);
			path = StoryBoards;
			sourceTree = "<group>";
		};
		B830CDD71A823DE40038CAFE /* ViewControllers */ = {
			isa = PBXGroup;
			children = (
				B81475F51AD8AAD20099A878 /* Extensions */,
				B84BF5F51B1C4B8E00067C4A /* Entry */,
				B84BF5F31B1C4B0200067C4A /* Main */,
				B84BF62C1B3C429E00067C4A /* Sub */,
				B84BF5F41B1C4B2B00067C4A /* Search */,
			);
			path = ViewControllers;
			sourceTree = "<group>";
		};
		B830CDD81A823E290038CAFE /* Scripts */ = {
			isa = PBXGroup;
			children = (
				B8D9B2571A82529B00B30271 /* Vendors */,
				B8D9B2521A824E2300B30271 /* Models */,
				B8F138981A8A495C002A820E /* Functions */,
				B8D9B2511A824DEA00B30271 /* Views */,
				B830CDD71A823DE40038CAFE /* ViewControllers */,
				B8FDC5121A818EDC00D4511E /* AppDelegate.swift */,
			);
			path = Scripts;
			sourceTree = "<group>";
		};
		B838B6D81AF4663E00243580 /* GCD */ = {
			isa = PBXGroup;
			children = (
				B80D21141ABC5BEC00405EAE /* QueueManager.swift */,
				B838B6D91AF4667F00243580 /* GCD.swift */,
			);
			path = GCD;
			sourceTree = "<group>";
		};
		B84A6EB21AF43C5300A7C632 /* BaseClasses */ = {
			isa = PBXGroup;
			children = (
				B84A6EB51AF4422500A7C632 /* _UserDto.swift */,
				B84BF5FF1B2428E800067C4A /* _UserBangDto.swift */,
				B84BF6141B36F08000067C4A /* _ConversationDto.swift */,
				B84BF6201B3856C000067C4A /* _ConversationUserDto.swift */,
			);
			path = BaseClasses;
			sourceTree = "<group>";
		};
		B84A6EBF1AF45A2200A7C632 /* Extensions */ = {
			isa = PBXGroup;
			children = (
				B84A6EC01AF45A6B00A7C632 /* NSManagedObject+Extension.swift */,
			);
			path = Extensions;
			sourceTree = "<group>";
		};
		B84BF5F31B1C4B0200067C4A /* Main */ = {
			isa = PBXGroup;
			children = (
				B8B9AB781AF77A8E009FEE4B /* TabBarViewController.swift */,
				B824484B1A90441600B540A4 /* ProfileViewController.swift */,
				B84BF60B1B36549F00067C4A /* ConversationViewController */,
				B84BF6011B24851100067C4A /* RequestedBangViewController */,
			);
			name = Main;
			sourceTree = "<group>";
		};
		B84BF5F41B1C4B2B00067C4A /* Search */ = {
			isa = PBXGroup;
			children = (
				B830CDD91A82403B0038CAFE /* ShortSearchViewController.swift */,
				B8187BC81B16044900E23716 /* MiddleSearchViewController.swift */,
			);
			name = Search;
			sourceTree = "<group>";
		};
		B84BF5F51B1C4B8E00067C4A /* Entry */ = {
			isa = PBXGroup;
			children = (
				B82448411A8EF16C00B540A4 /* LoginViewController.swift */,
			);
			name = Entry;
			sourceTree = "<group>";
		};
		B84BF6011B24851100067C4A /* RequestedBangViewController */ = {
			isa = PBXGroup;
			children = (
				B84BF5EC1B1C1C1D00067C4A /* RequestedBangViewController.swift */,
				B84BF6021B24856900067C4A /* RequestedBangDataHandler.swift */,
			);
			name = RequestedBangViewController;
			sourceTree = "<group>";
		};
		B84BF6041B350C2300067C4A /* FetchedResultsControllerDelegate */ = {
			isa = PBXGroup;
			children = (
				B84BF6051B350CE000067C4A /* DefaultFetchedResultsControllerDelegate.swift */,
			);
			path = FetchedResultsControllerDelegate;
			sourceTree = "<group>";
		};
		B84BF60B1B36549F00067C4A /* ConversationViewController */ = {
			isa = PBXGroup;
			children = (
				B8EA20FB1A99D37700BD0164 /* ConversationViewController.swift */,
				B84BF60E1B36727100067C4A /* ConversationDataHandler.swift */,
			);
			name = ConversationViewController;
			sourceTree = "<group>";
		};
		B84BF6261B3C3DB000067C4A /* Entry */ = {
			isa = PBXGroup;
			children = (
				B824483F1A8EF07700B540A4 /* Login.storyboard */,
			);
			name = Entry;
			sourceTree = "<group>";
		};
		B84BF6271B3C3DBC00067C4A /* Main */ = {
			isa = PBXGroup;
			children = (
				B82448491A9043E300B540A4 /* Profile.storyboard */,
				B8EA20F91A99D35E00BD0164 /* Conversation.storyboard */,
				B84BF5EE1B1C1C3A00067C4A /* RequestedBang.storyboard */,
			);
			name = Main;
			sourceTree = "<group>";
		};
		B84BF6281B3C3DC100067C4A /* Search */ = {
			isa = PBXGroup;
			children = (
				B830CDDB1A8240C30038CAFE /* ShortSearch.storyboard */,
				B8187BC41B1603CF00E23716 /* MiddleSearch.storyboard */,
			);
			name = Search;
			sourceTree = "<group>";
		};
		B84BF62B1B3C405900067C4A /* Sub */ = {
			isa = PBXGroup;
			children = (
				B84BF6291B3C3FF100067C4A /* ConversationDetail.storyboard */,
			);
			name = Sub;
			sourceTree = "<group>";
		};
		B84BF62C1B3C429E00067C4A /* Sub */ = {
			isa = PBXGroup;
			children = (
				B84BF62D1B3C42C200067C4A /* ConversationDetailViewController */,
			);
			name = Sub;
			sourceTree = "<group>";
		};
		B84BF62D1B3C42C200067C4A /* ConversationDetailViewController */ = {
			isa = PBXGroup;
			children = (
				B84BF62E1B3C42FF00067C4A /* ConversationDetailViewController.swift */,
			);
			name = ConversationDetailViewController;
			sourceTree = "<group>";
		};
		B85A3D0D1AEFBC95008AC7B8 /* CoreData */ = {
			isa = PBXGroup;
			children = (
				B85A3D0E1AEFBCC3008AC7B8 /* bang.xcdatamodeld */,
				B84A6EB31AF441FC00A7C632 /* UserDto.swift */,
				B84BF5FD1B2428D200067C4A /* UserBangDto.swift */,
				B84BF6101B36F06100067C4A /* ConversationDto.swift */,
				B84BF61E1B3856B500067C4A /* ConversationUserDto.swift */,
				B84A6EB21AF43C5300A7C632 /* BaseClasses */,
			);
			path = CoreData;
			sourceTree = "<group>";
		};
		B8C1884C1AE3A68A00037552 /* API */ = {
			isa = PBXGroup;
			children = (
				B8B979CB1AE67FE600BC3E2C /* APIResponse.swift */,
				B8F9C6941AE687CB003320AB /* APIResponse+User.swift */,
				B84BF5F91B24254E00067C4A /* APIResponse+UserBang.swift */,
				B84BF6181B38533B00067C4A /* APIResponse+Conversation.swift */,
				B84BF6221B3857B300067C4A /* APIResponse+ConversationUser.swift */,
				B8F9C6961AE6947D003320AB /* APIResponse+Facebook.swift */,
			);
			path = API;
			sourceTree = "<group>";
		};
		B8C1884D1AE3C62200037552 /* Facebook */ = {
			isa = PBXGroup;
			children = (
				B82448431A8F183400B540A4 /* FacebookManager.swift */,
				B8C1884E1AE3C6A200037552 /* BFTask+Facebook.swift */,
			);
			path = Facebook;
			sourceTree = "<group>";
		};
		B8D9B2511A824DEA00B30271 /* Views */ = {
			isa = PBXGroup;
			children = (
				B81475F41AD8AAC90099A878 /* Extensions */,
				B8F1389D1A8A4CC5002A820E /* CustomViews */,
				B8187BCA1B1748C800E23716 /* SearchTargetCollectionViewCell.swift */,
				B84BF5F01B1C1D9700067C4A /* RequestedBangTableViewCell.swift */,
				B84BF60C1B366F5B00067C4A /* ConversationTableViewCell.swift */,
			);
			path = Views;
			sourceTree = "<group>";
		};
		B8D9B2521A824E2300B30271 /* Models */ = {
			isa = PBXGroup;
			children = (
				B84A6EBF1AF45A2200A7C632 /* Extensions */,
				B85A3D0D1AEFBC95008AC7B8 /* CoreData */,
				B8C1884C1AE3A68A00037552 /* API */,
				B82448561A9824AF00B540A4 /* GlobalData.swift */,
				B8C188501AE3D70100037552 /* MyAccount.swift */,
				B84A6EB71AF4432B00A7C632 /* Gender.swift */,
				B84A6EB91AF446CC00A7C632 /* UserStatus.swift */,
				B84BF5FB1B24272000067C4A /* BangStatus.swift */,
				B84BF61C1B3853C300067C4A /* ConversationKind.swift */,
				B84A6EBD1AF4578900A7C632 /* DataStore.swift */,
			);
			path = Models;
			sourceTree = "<group>";
		};
		B8D9B2571A82529B00B30271 /* Vendors */ = {
			isa = PBXGroup;
			children = (
				B8D9B25E1A8255DC00B30271 /* bang-Bridging-Header.h */,
				B8D9B25F1A8255DD00B30271 /* UIImage+ImageEffects.h */,
				B8D9B2601A8255DD00B30271 /* UIImage+ImageEffects.m */,
			);
			path = Vendors;
			sourceTree = "<group>";
		};
		B8F138981A8A495C002A820E /* Functions */ = {
			isa = PBXGroup;
			children = (
				B84BF6041B350C2300067C4A /* FetchedResultsControllerDelegate */,
				B82CA4571AEC783B00159D99 /* Extensions */,
				B8C1884D1AE3C62200037552 /* Facebook */,
				B821152B1ADA5581002CCA46 /* API */,
				B81475F31AD8AA750099A878 /* BLE */,
				B838B6D81AF4663E00243580 /* GCD */,
				B8E6D9A81ABE55840094D582 /* LocationManager.swift */,
				B84BF6311B3CCD5300067C4A /* NotificationManager.swift */,
				B807F3351AB433D300571ACB /* Tracker.swift */,
				B821152E1ADA6B5F002CCA46 /* GeneralInfo.swift */,
				B8F9C6981AEB9C8F003320AB /* Error.swift */,
				B82CA45A1AEC7C4100159D99 /* Alert.swift */,
				B84A6EBB1AF44D2600A7C632 /* Date.swift */,
				B84BF6071B35951B00067C4A /* GlobalFunctions.swift */,
				B84BF6091B364AA100067C4A /* ProgressHUD.swift */,
				B84BF6351B3EEC2200067C4A /* KeyboardDisplayDetector.swift */,
			);
			path = Functions;
			sourceTree = "<group>";
		};
		B8F1389D1A8A4CC5002A820E /* CustomViews */ = {
			isa = PBXGroup;
			children = (
				B8F1389E1A8A4D13002A820E /* RoundedCornersView.swift */,
			);
			path = CustomViews;
			sourceTree = "<group>";
		};
		B8FDC5041A818EDB00D4511E = {
			isa = PBXGroup;
			children = (
				B8FDC50F1A818EDC00D4511E /* bang */,
				B8FDC5251A818EDC00D4511E /* bangTests */,
				B8FDC50E1A818EDC00D4511E /* Products */,
				1ABD86FDCA087A64C6C39FF8 /* Pods */,
				2ABF3CDD21B556A72AAEB1C7 /* Frameworks */,
			);
			sourceTree = "<group>";
		};
		B8FDC50E1A818EDC00D4511E /* Products */ = {
			isa = PBXGroup;
			children = (
				B8FDC50D1A818EDC00D4511E /* bang.app */,
				B8FDC5221A818EDC00D4511E /* bangTests.xctest */,
			);
			name = Products;
			sourceTree = "<group>";
		};
		B8FDC50F1A818EDC00D4511E /* bang */ = {
			isa = PBXGroup;
			children = (
				B830CDD81A823E290038CAFE /* Scripts */,
				B830CDD61A823C6A0038CAFE /* StoryBoards */,
				B8FDC5191A818EDC00D4511E /* Images.xcassets */,
				B8FDC51B1A818EDC00D4511E /* LaunchScreen.xib */,
				B8FDC5101A818EDC00D4511E /* Supporting Files */,
			);
			path = bang;
			sourceTree = "<group>";
		};
		B8FDC5101A818EDC00D4511E /* Supporting Files */ = {
			isa = PBXGroup;
			children = (
				B8FDC5111A818EDC00D4511E /* Info.plist */,
				B82448541A90CE7F00B540A4 /* Localizable.strings */,
			);
			name = "Supporting Files";
			sourceTree = "<group>";
		};
		B8FDC5251A818EDC00D4511E /* bangTests */ = {
			isa = PBXGroup;
			children = (
				B8FDC5281A818EDC00D4511E /* bangTests.swift */,
				B8FDC5261A818EDC00D4511E /* Supporting Files */,
			);
			path = bangTests;
			sourceTree = "<group>";
		};
		B8FDC5261A818EDC00D4511E /* Supporting Files */ = {
			isa = PBXGroup;
			children = (
				B8FDC5271A818EDC00D4511E /* Info.plist */,
			);
			name = "Supporting Files";
			sourceTree = "<group>";
		};
/* End PBXGroup section */

/* Begin PBXNativeTarget section */
		B8FDC50C1A818EDC00D4511E /* bang */ = {
			isa = PBXNativeTarget;
			buildConfigurationList = B8FDC52C1A818EDC00D4511E /* Build configuration list for PBXNativeTarget "bang" */;
			buildPhases = (
				A19BD1C32E1DFF15FCE33D28 /* Check Pods Manifest.lock */,
				B8FDC5091A818EDC00D4511E /* Sources */,
				B8FDC50A1A818EDC00D4511E /* Frameworks */,
				B8FDC50B1A818EDC00D4511E /* Resources */,
				5EE929952E2FBC37FEB12447 /* Copy Pods Resources */,
				9ACC0192A85F5291A2DFA6A3 /* Embed Pods Frameworks */,
			);
			buildRules = (
			);
			dependencies = (
			);
			name = bang;
			productName = bang;
			productReference = B8FDC50D1A818EDC00D4511E /* bang.app */;
			productType = "com.apple.product-type.application";
		};
		B8FDC5211A818EDC00D4511E /* bangTests */ = {
			isa = PBXNativeTarget;
			buildConfigurationList = B8FDC52F1A818EDC00D4511E /* Build configuration list for PBXNativeTarget "bangTests" */;
			buildPhases = (
				93592107702EE3B927EEB587 /* Check Pods Manifest.lock */,
				B8FDC51E1A818EDC00D4511E /* Sources */,
				B8FDC51F1A818EDC00D4511E /* Frameworks */,
				B8FDC5201A818EDC00D4511E /* Resources */,
				91F9FDC07F795B521AFFFA77 /* Embed Pods Frameworks */,
				9E1FFF571C3F161542D7F12B /* Copy Pods Resources */,
			);
			buildRules = (
			);
			dependencies = (
				B8FDC5241A818EDC00D4511E /* PBXTargetDependency */,
			);
			name = bangTests;
			productName = bangTests;
			productReference = B8FDC5221A818EDC00D4511E /* bangTests.xctest */;
			productType = "com.apple.product-type.bundle.unit-test";
		};
/* End PBXNativeTarget section */

/* Begin PBXProject section */
		B8FDC5051A818EDC00D4511E /* Project object */ = {
			isa = PBXProject;
			attributes = {
				LastUpgradeCheck = 0610;
				ORGANIZATIONNAME = "Yoshikazu Oda";
				TargetAttributes = {
					B8FDC50C1A818EDC00D4511E = {
						CreatedOnToolsVersion = 6.1.1;
						DevelopmentTeam = U7S6R69X9B;
					};
					B8FDC5211A818EDC00D4511E = {
						CreatedOnToolsVersion = 6.1.1;
						TestTargetID = B8FDC50C1A818EDC00D4511E;
					};
				};
			};
			buildConfigurationList = B8FDC5081A818EDC00D4511E /* Build configuration list for PBXProject "bang" */;
			compatibilityVersion = "Xcode 3.2";
			developmentRegion = English;
			hasScannedForEncodings = 0;
			knownRegions = (
				en,
				Base,
				ja,
			);
			mainGroup = B8FDC5041A818EDB00D4511E;
			productRefGroup = B8FDC50E1A818EDC00D4511E /* Products */;
			projectDirPath = "";
			projectRoot = "";
			targets = (
				B8FDC50C1A818EDC00D4511E /* bang */,
				B8FDC5211A818EDC00D4511E /* bangTests */,
			);
		};
/* End PBXProject section */

/* Begin PBXResourcesBuildPhase section */
		B8FDC50B1A818EDC00D4511E /* Resources */ = {
			isa = PBXResourcesBuildPhase;
			buildActionMask = 2147483647;
			files = (
				B82448401A8EF07700B540A4 /* Login.storyboard in Resources */,
				B82448521A90CE7F00B540A4 /* Localizable.strings in Resources */,
				B8FDC51D1A818EDC00D4511E /* LaunchScreen.xib in Resources */,
				B8187BC51B1603CF00E23716 /* MiddleSearch.storyboard in Resources */,
				B84BF5EF1B1C1C3A00067C4A /* RequestedBang.storyboard in Resources */,
				B824484A1A9043E300B540A4 /* Profile.storyboard in Resources */,
				B84BF62A1B3C3FF100067C4A /* ConversationDetail.storyboard in Resources */,
				B830CDDC1A8240C30038CAFE /* ShortSearch.storyboard in Resources */,
				B8FDC51A1A818EDC00D4511E /* Images.xcassets in Resources */,
				B8EA20FA1A99D35E00BD0164 /* Conversation.storyboard in Resources */,
			);
			runOnlyForDeploymentPostprocessing = 0;
		};
		B8FDC5201A818EDC00D4511E /* Resources */ = {
			isa = PBXResourcesBuildPhase;
			buildActionMask = 2147483647;
			files = (
			);
			runOnlyForDeploymentPostprocessing = 0;
		};
/* End PBXResourcesBuildPhase section */

/* Begin PBXShellScriptBuildPhase section */
		5EE929952E2FBC37FEB12447 /* Copy Pods Resources */ = {
			isa = PBXShellScriptBuildPhase;
			buildActionMask = 2147483647;
			files = (
			);
			inputPaths = (
			);
			name = "Copy Pods Resources";
			outputPaths = (
			);
			runOnlyForDeploymentPostprocessing = 0;
			shellPath = /bin/sh;
			shellScript = "\"${SRCROOT}/Pods/Target Support Files/Pods/Pods-resources.sh\"\n";
			showEnvVarsInLog = 0;
		};
		91F9FDC07F795B521AFFFA77 /* Embed Pods Frameworks */ = {
			isa = PBXShellScriptBuildPhase;
			buildActionMask = 2147483647;
			files = (
			);
			inputPaths = (
			);
			name = "Embed Pods Frameworks";
			outputPaths = (
			);
			runOnlyForDeploymentPostprocessing = 0;
			shellPath = /bin/sh;
			shellScript = "\"${SRCROOT}/Pods/Target Support Files/Pods/Pods-frameworks.sh\"\n";
			showEnvVarsInLog = 0;
		};
		93592107702EE3B927EEB587 /* Check Pods Manifest.lock */ = {
			isa = PBXShellScriptBuildPhase;
			buildActionMask = 2147483647;
			files = (
			);
			inputPaths = (
			);
			name = "Check Pods Manifest.lock";
			outputPaths = (
			);
			runOnlyForDeploymentPostprocessing = 0;
			shellPath = /bin/sh;
			shellScript = "diff \"${PODS_ROOT}/../Podfile.lock\" \"${PODS_ROOT}/Manifest.lock\" > /dev/null\nif [[ $? != 0 ]] ; then\n    cat << EOM\nerror: The sandbox is not in sync with the Podfile.lock. Run 'pod install' or update your CocoaPods installation.\nEOM\n    exit 1\nfi\n";
			showEnvVarsInLog = 0;
		};
		9ACC0192A85F5291A2DFA6A3 /* Embed Pods Frameworks */ = {
			isa = PBXShellScriptBuildPhase;
			buildActionMask = 2147483647;
			files = (
			);
			inputPaths = (
			);
			name = "Embed Pods Frameworks";
			outputPaths = (
			);
			runOnlyForDeploymentPostprocessing = 0;
			shellPath = /bin/sh;
			shellScript = "\"${SRCROOT}/Pods/Target Support Files/Pods/Pods-frameworks.sh\"\n";
			showEnvVarsInLog = 0;
		};
		9E1FFF571C3F161542D7F12B /* Copy Pods Resources */ = {
			isa = PBXShellScriptBuildPhase;
			buildActionMask = 2147483647;
			files = (
			);
			inputPaths = (
			);
			name = "Copy Pods Resources";
			outputPaths = (
			);
			runOnlyForDeploymentPostprocessing = 0;
			shellPath = /bin/sh;
			shellScript = "\"${SRCROOT}/Pods/Target Support Files/Pods/Pods-resources.sh\"\n";
			showEnvVarsInLog = 0;
		};
		A19BD1C32E1DFF15FCE33D28 /* Check Pods Manifest.lock */ = {
			isa = PBXShellScriptBuildPhase;
			buildActionMask = 2147483647;
			files = (
			);
			inputPaths = (
			);
			name = "Check Pods Manifest.lock";
			outputPaths = (
			);
			runOnlyForDeploymentPostprocessing = 0;
			shellPath = /bin/sh;
			shellScript = "diff \"${PODS_ROOT}/../Podfile.lock\" \"${PODS_ROOT}/Manifest.lock\" > /dev/null\nif [[ $? != 0 ]] ; then\n    cat << EOM\nerror: The sandbox is not in sync with the Podfile.lock. Run 'pod install' or update your CocoaPods installation.\nEOM\n    exit 1\nfi\n";
			showEnvVarsInLog = 0;
		};
/* End PBXShellScriptBuildPhase section */

/* Begin PBXSourcesBuildPhase section */
		B8FDC5091A818EDC00D4511E /* Sources */ = {
			isa = PBXSourcesBuildPhase;
			buildActionMask = 2147483647;
			files = (
				B84A6EB61AF4422500A7C632 /* _UserDto.swift in Sources */,
				B821152D1ADA55AB002CCA46 /* APIManager.swift in Sources */,
				B84BF6061B350CE000067C4A /* DefaultFetchedResultsControllerDelegate.swift in Sources */,
				B8D9B2591A82534A00B30271 /* UIView+Extension.swift in Sources */,
				B85A3D101AEFBCC3008AC7B8 /* bang.xcdatamodeld in Sources */,
				B84BF5FE1B2428D200067C4A /* UserBangDto.swift in Sources */,
				B8B9AB791AF77A8E009FEE4B /* TabBarViewController.swift in Sources */,
				B8EA20FC1A99D37700BD0164 /* ConversationViewController.swift in Sources */,
				B8F9C6951AE687CB003320AB /* APIResponse+User.swift in Sources */,
				B82CA4561AEBBBF400159D99 /* BLEConfig.swift in Sources */,
				B84A6EC11AF45A6B00A7C632 /* NSManagedObject+Extension.swift in Sources */,
				B84BF6191B38533B00067C4A /* APIResponse+Conversation.swift in Sources */,
				B8D9B2561A82523400B30271 /* UIViewController+Extension.swift in Sources */,
				B8C1884F1AE3C6A200037552 /* BFTask+Facebook.swift in Sources */,
				B84A6EB41AF441FC00A7C632 /* UserDto.swift in Sources */,
				B8187BC91B16044900E23716 /* MiddleSearchViewController.swift in Sources */,
				B84BF6381B3EF24000067C4A /* NSNotificationCenter+Extension.swift in Sources */,
				B8F1389F1A8A4D13002A820E /* RoundedCornersView.swift in Sources */,
				B84BF6251B39A26E00067C4A /* APIManager+Conversation.swift in Sources */,
				B82CA4591AEC788200159D99 /* BFTask+Extension.swift in Sources */,
				B84BF6361B3EEC2200067C4A /* KeyboardDisplayDetector.swift in Sources */,
				B8187BCB1B1748C800E23716 /* SearchTargetCollectionViewCell.swift in Sources */,
				B821152F1ADA6B5F002CCA46 /* GeneralInfo.swift in Sources */,
				B84A6EBE1AF4578900A7C632 /* DataStore.swift in Sources */,
				B8C188511AE3D70200037552 /* MyAccount.swift in Sources */,
				B84BF5ED1B1C1C1E00067C4A /* RequestedBangViewController.swift in Sources */,
				B84BF6231B3857B300067C4A /* APIResponse+ConversationUser.swift in Sources */,
				B8D9B2611A8255DD00B30271 /* UIImage+ImageEffects.m in Sources */,
				B80D21151ABC5BEC00405EAE /* QueueManager.swift in Sources */,
				B84BF60D1B366F5B00067C4A /* ConversationTableViewCell.swift in Sources */,
				B824484C1A90441600B540A4 /* ProfileViewController.swift in Sources */,
				B82448571A9824AF00B540A4 /* GlobalData.swift in Sources */,
				B899149E1A8C1F69003E8930 /* BLECentralManager.swift in Sources */,
				B84BF61F1B3856B500067C4A /* ConversationUserDto.swift in Sources */,
				B84A6EBA1AF446CC00A7C632 /* UserStatus.swift in Sources */,
				B830CDDA1A82403B0038CAFE /* ShortSearchViewController.swift in Sources */,
				B8C1884B1AE3397600037552 /* BFTask+API.swift in Sources */,
				B84BF5F11B1C1D9700067C4A /* RequestedBangTableViewCell.swift in Sources */,
				B8B979CC1AE67FE600BC3E2C /* APIResponse.swift in Sources */,
				B84BF6031B24856900067C4A /* RequestedBangDataHandler.swift in Sources */,
				B84BF5FC1B24272000067C4A /* BangStatus.swift in Sources */,
				B8FDC5131A818EDC00D4511E /* AppDelegate.swift in Sources */,
				B838B6DA1AF4667F00243580 /* GCD.swift in Sources */,
				B807F3361AB433D300571ACB /* Tracker.swift in Sources */,
				B84BF6151B36F08000067C4A /* _ConversationDto.swift in Sources */,
				B84A6EB81AF4432B00A7C632 /* Gender.swift in Sources */,
				B84BF62F1B3C42FF00067C4A /* ConversationDetailViewController.swift in Sources */,
				B84BF60A1B364AA100067C4A /* ProgressHUD.swift in Sources */,
				B8E6D9A91ABE55840094D582 /* LocationManager.swift in Sources */,
				B8F9C6971AE6947D003320AB /* APIResponse+Facebook.swift in Sources */,
				B84BF6321B3CCD5300067C4A /* NotificationManager.swift in Sources */,
				B8F1389C1A8A4B84002A820E /* BLEPeripheralManager.swift in Sources */,
				B84BF6001B2428E800067C4A /* _UserBangDto.swift in Sources */,
				B84BF61D1B3853C300067C4A /* ConversationKind.swift in Sources */,
				B8F9C6991AEB9C8F003320AB /* Error.swift in Sources */,
				B84BF6081B35951B00067C4A /* GlobalFunctions.swift in Sources */,
				B8DD298C1A8B1CC10024ABD0 /* BLEEnum+Extension.swift in Sources */,
				B84BF5FA1B24254E00067C4A /* APIResponse+UserBang.swift in Sources */,
				B82448441A8F183400B540A4 /* FacebookManager.swift in Sources */,
				B84BF6111B36F06200067C4A /* ConversationDto.swift in Sources */,
				B84BF6211B3856C000067C4A /* _ConversationUserDto.swift in Sources */,
				B8D9B25D1A8254C400B30271 /* UIImage+Extension.swift in Sources */,
				B8F547541ADC197B00548883 /* APIManager+User.swift in Sources */,
				B84A6EBC1AF44D2600A7C632 /* Date.swift in Sources */,
				B82CA45B1AEC7C4100159D99 /* Alert.swift in Sources */,
				B84BF60F1B36727100067C4A /* ConversationDataHandler.swift in Sources */,
				B84BF5EB1B19E68500067C4A /* APIManager+Bang.swift in Sources */,
				B82448421A8EF16C00B540A4 /* LoginViewController.swift in Sources */,
			);
			runOnlyForDeploymentPostprocessing = 0;
		};
		B8FDC51E1A818EDC00D4511E /* Sources */ = {
			isa = PBXSourcesBuildPhase;
			buildActionMask = 2147483647;
			files = (
				B8FDC5291A818EDC00D4511E /* bangTests.swift in Sources */,
			);
			runOnlyForDeploymentPostprocessing = 0;
		};
/* End PBXSourcesBuildPhase section */

/* Begin PBXTargetDependency section */
		B8FDC5241A818EDC00D4511E /* PBXTargetDependency */ = {
			isa = PBXTargetDependency;
			target = B8FDC50C1A818EDC00D4511E /* bang */;
			targetProxy = B8FDC5231A818EDC00D4511E /* PBXContainerItemProxy */;
		};
/* End PBXTargetDependency section */

/* Begin PBXVariantGroup section */
		B82448541A90CE7F00B540A4 /* Localizable.strings */ = {
			isa = PBXVariantGroup;
			children = (
				B82448531A90CE7F00B540A4 /* Base */,
				B82448551A90CE8500B540A4 /* ja */,
			);
			name = Localizable.strings;
			sourceTree = "<group>";
		};
		B8FDC51B1A818EDC00D4511E /* LaunchScreen.xib */ = {
			isa = PBXVariantGroup;
			children = (
				B8FDC51C1A818EDC00D4511E /* Base */,
			);
			name = LaunchScreen.xib;
			sourceTree = "<group>";
		};
/* End PBXVariantGroup section */

/* Begin XCBuildConfiguration section */
		B818F5741AA8A60A0030C84F /* Adhoc */ = {
			isa = XCBuildConfiguration;
			buildSettings = {
				ALWAYS_SEARCH_USER_PATHS = NO;
				CLANG_CXX_LANGUAGE_STANDARD = "gnu++0x";
				CLANG_CXX_LIBRARY = "libc++";
				CLANG_ENABLE_MODULES = YES;
				CLANG_ENABLE_OBJC_ARC = YES;
				CLANG_WARN_BOOL_CONVERSION = YES;
				CLANG_WARN_CONSTANT_CONVERSION = YES;
				CLANG_WARN_DIRECT_OBJC_ISA_USAGE = YES_ERROR;
				CLANG_WARN_EMPTY_BODY = YES;
				CLANG_WARN_ENUM_CONVERSION = YES;
				CLANG_WARN_INT_CONVERSION = YES;
				CLANG_WARN_OBJC_ROOT_CLASS = YES_ERROR;
				CLANG_WARN_UNREACHABLE_CODE = YES;
				CLANG_WARN__DUPLICATE_METHOD_MATCH = YES;
				"CODE_SIGN_IDENTITY[sdk=iphoneos*]" = "iPhone Developer";
				COPY_PHASE_STRIP = YES;
				ENABLE_NS_ASSERTIONS = NO;
				ENABLE_STRICT_OBJC_MSGSEND = YES;
				GCC_C_LANGUAGE_STANDARD = gnu99;
				GCC_PREPROCESSOR_DEFINITIONS = "ADHOC=1";
				GCC_WARN_64_TO_32_BIT_CONVERSION = YES;
				GCC_WARN_ABOUT_RETURN_TYPE = YES_ERROR;
				GCC_WARN_UNDECLARED_SELECTOR = YES;
				GCC_WARN_UNINITIALIZED_AUTOS = YES_AGGRESSIVE;
				GCC_WARN_UNUSED_FUNCTION = YES;
				GCC_WARN_UNUSED_VARIABLE = YES;
				IPHONEOS_DEPLOYMENT_TARGET = 8.1;
				MTL_ENABLE_DEBUG_INFO = NO;
				OTHER_LDFLAGS = "$(inherited)";
				SDKROOT = iphoneos;
				VALIDATE_PRODUCT = YES;
			};
			name = Adhoc;
		};
		B818F5751AA8A60A0030C84F /* Adhoc */ = {
			isa = XCBuildConfiguration;
			baseConfigurationReference = 9E24BFC2BD3FDB4B7751D942 /* Pods.release.xcconfig */;
			buildSettings = {
				ASSETCATALOG_COMPILER_APPICON_NAME = AppIcon;
				CLANG_ENABLE_MODULES = YES;
				CODE_SIGN_IDENTITY = "iPhone Developer";
				FRAMEWORK_SEARCH_PATHS = (
					"$(inherited)",
					"$(PROJECT_DIR)",
				);
				INFOPLIST_FILE = bang/Info.plist;
				IPHONEOS_DEPLOYMENT_TARGET = 8.0;
				LD_RUNPATH_SEARCH_PATHS = "$(inherited) @executable_path/Frameworks";
				PRODUCT_NAME = "$(TARGET_NAME)";
				SWIFT_OBJC_BRIDGING_HEADER = "bang/Scripts/Vendors/bang-Bridging-Header.h";
			};
			name = Adhoc;
		};
		B818F5761AA8A60A0030C84F /* Adhoc */ = {
			isa = XCBuildConfiguration;
			baseConfigurationReference = BBAE2F279994230D144938DB /* Pods.adhoc.xcconfig */;
			buildSettings = {
				BUNDLE_LOADER = "$(TEST_HOST)";
				FRAMEWORK_SEARCH_PATHS = (
					"$(SDKROOT)/Developer/Library/Frameworks",
					"$(inherited)",
				);
				INFOPLIST_FILE = bangTests/Info.plist;
				LD_RUNPATH_SEARCH_PATHS = "$(inherited) @executable_path/Frameworks @loader_path/Frameworks";
				PRODUCT_NAME = "$(TARGET_NAME)";
				TEST_HOST = "$(BUILT_PRODUCTS_DIR)/bang.app/bang";
			};
			name = Adhoc;
		};
		B8FDC52A1A818EDC00D4511E /* Debug */ = {
			isa = XCBuildConfiguration;
			buildSettings = {
				ALWAYS_SEARCH_USER_PATHS = NO;
				CLANG_CXX_LANGUAGE_STANDARD = "gnu++0x";
				CLANG_CXX_LIBRARY = "libc++";
				CLANG_ENABLE_MODULES = YES;
				CLANG_ENABLE_OBJC_ARC = YES;
				CLANG_WARN_BOOL_CONVERSION = YES;
				CLANG_WARN_CONSTANT_CONVERSION = YES;
				CLANG_WARN_DIRECT_OBJC_ISA_USAGE = YES_ERROR;
				CLANG_WARN_EMPTY_BODY = YES;
				CLANG_WARN_ENUM_CONVERSION = YES;
				CLANG_WARN_INT_CONVERSION = YES;
				CLANG_WARN_OBJC_ROOT_CLASS = YES_ERROR;
				CLANG_WARN_UNREACHABLE_CODE = YES;
				CLANG_WARN__DUPLICATE_METHOD_MATCH = YES;
				"CODE_SIGN_IDENTITY[sdk=iphoneos*]" = "iPhone Developer";
				COPY_PHASE_STRIP = NO;
				ENABLE_STRICT_OBJC_MSGSEND = YES;
				GCC_C_LANGUAGE_STANDARD = gnu99;
				GCC_DYNAMIC_NO_PIC = NO;
				GCC_OPTIMIZATION_LEVEL = 0;
				GCC_PREPROCESSOR_DEFINITIONS = (
					"DEBUG=1",
					"$(inherited)",
				);
				GCC_SYMBOLS_PRIVATE_EXTERN = NO;
				GCC_WARN_64_TO_32_BIT_CONVERSION = YES;
				GCC_WARN_ABOUT_RETURN_TYPE = YES_ERROR;
				GCC_WARN_UNDECLARED_SELECTOR = YES;
				GCC_WARN_UNINITIALIZED_AUTOS = YES_AGGRESSIVE;
				GCC_WARN_UNUSED_FUNCTION = YES;
				GCC_WARN_UNUSED_VARIABLE = YES;
				IPHONEOS_DEPLOYMENT_TARGET = 8.1;
				MTL_ENABLE_DEBUG_INFO = YES;
				ONLY_ACTIVE_ARCH = YES;
				OTHER_LDFLAGS = "$(inherited)";
				SDKROOT = iphoneos;
				SWIFT_OPTIMIZATION_LEVEL = "-Onone";
			};
			name = Debug;
		};
		B8FDC52B1A818EDC00D4511E /* Release */ = {
			isa = XCBuildConfiguration;
			buildSettings = {
				ALWAYS_SEARCH_USER_PATHS = NO;
				CLANG_CXX_LANGUAGE_STANDARD = "gnu++0x";
				CLANG_CXX_LIBRARY = "libc++";
				CLANG_ENABLE_MODULES = YES;
				CLANG_ENABLE_OBJC_ARC = YES;
				CLANG_WARN_BOOL_CONVERSION = YES;
				CLANG_WARN_CONSTANT_CONVERSION = YES;
				CLANG_WARN_DIRECT_OBJC_ISA_USAGE = YES_ERROR;
				CLANG_WARN_EMPTY_BODY = YES;
				CLANG_WARN_ENUM_CONVERSION = YES;
				CLANG_WARN_INT_CONVERSION = YES;
				CLANG_WARN_OBJC_ROOT_CLASS = YES_ERROR;
				CLANG_WARN_UNREACHABLE_CODE = YES;
				CLANG_WARN__DUPLICATE_METHOD_MATCH = YES;
				"CODE_SIGN_IDENTITY[sdk=iphoneos*]" = "iPhone Developer";
				COPY_PHASE_STRIP = YES;
				ENABLE_NS_ASSERTIONS = NO;
				ENABLE_STRICT_OBJC_MSGSEND = YES;
				GCC_C_LANGUAGE_STANDARD = gnu99;
				GCC_WARN_64_TO_32_BIT_CONVERSION = YES;
				GCC_WARN_ABOUT_RETURN_TYPE = YES_ERROR;
				GCC_WARN_UNDECLARED_SELECTOR = YES;
				GCC_WARN_UNINITIALIZED_AUTOS = YES_AGGRESSIVE;
				GCC_WARN_UNUSED_FUNCTION = YES;
				GCC_WARN_UNUSED_VARIABLE = YES;
				IPHONEOS_DEPLOYMENT_TARGET = 8.1;
				MTL_ENABLE_DEBUG_INFO = NO;
				OTHER_LDFLAGS = "$(inherited)";
				SDKROOT = iphoneos;
				VALIDATE_PRODUCT = YES;
			};
			name = Release;
		};
		B8FDC52D1A818EDC00D4511E /* Debug */ = {
			isa = XCBuildConfiguration;
			baseConfigurationReference = 07720D1FE88AFACC32454227 /* Pods.debug.xcconfig */;
			buildSettings = {
				ASSETCATALOG_COMPILER_APPICON_NAME = AppIcon;
				CLANG_ENABLE_MODULES = YES;
				CODE_SIGN_IDENTITY = "iPhone Developer";
				FRAMEWORK_SEARCH_PATHS = (
					"$(inherited)",
					"$(PROJECT_DIR)",
				);
				INFOPLIST_FILE = bang/Info.plist;
				IPHONEOS_DEPLOYMENT_TARGET = 8.0;
				LD_RUNPATH_SEARCH_PATHS = "$(inherited) @executable_path/Frameworks";
				PRODUCT_NAME = "$(TARGET_NAME)";
				SWIFT_OBJC_BRIDGING_HEADER = "bang/Scripts/Vendors/bang-Bridging-Header.h";
				SWIFT_OPTIMIZATION_LEVEL = "-Onone";
			};
			name = Debug;
		};
		B8FDC52E1A818EDC00D4511E /* Release */ = {
			isa = XCBuildConfiguration;
			baseConfigurationReference = 9E24BFC2BD3FDB4B7751D942 /* Pods.release.xcconfig */;
			buildSettings = {
				ASSETCATALOG_COMPILER_APPICON_NAME = AppIcon;
				CLANG_ENABLE_MODULES = YES;
				CODE_SIGN_IDENTITY = "iPhone Developer";
				FRAMEWORK_SEARCH_PATHS = (
					"$(inherited)",
					"$(PROJECT_DIR)",
				);
				INFOPLIST_FILE = bang/Info.plist;
				IPHONEOS_DEPLOYMENT_TARGET = 8.0;
				LD_RUNPATH_SEARCH_PATHS = "$(inherited) @executable_path/Frameworks";
				PRODUCT_NAME = "$(TARGET_NAME)";
				SWIFT_OBJC_BRIDGING_HEADER = "bang/Scripts/Vendors/bang-Bridging-Header.h";
			};
			name = Release;
		};
		B8FDC5301A818EDC00D4511E /* Debug */ = {
			isa = XCBuildConfiguration;
			baseConfigurationReference = 07720D1FE88AFACC32454227 /* Pods.debug.xcconfig */;
			buildSettings = {
				BUNDLE_LOADER = "$(TEST_HOST)";
				FRAMEWORK_SEARCH_PATHS = (
					"$(SDKROOT)/Developer/Library/Frameworks",
					"$(inherited)",
				);
				GCC_PREPROCESSOR_DEFINITIONS = (
					"DEBUG=1",
					"$(inherited)",
				);
				INFOPLIST_FILE = bangTests/Info.plist;
				LD_RUNPATH_SEARCH_PATHS = "$(inherited) @executable_path/Frameworks @loader_path/Frameworks";
				PRODUCT_NAME = "$(TARGET_NAME)";
				TEST_HOST = "$(BUILT_PRODUCTS_DIR)/bang.app/bang";
			};
			name = Debug;
		};
		B8FDC5311A818EDC00D4511E /* Release */ = {
			isa = XCBuildConfiguration;
			baseConfigurationReference = 9E24BFC2BD3FDB4B7751D942 /* Pods.release.xcconfig */;
			buildSettings = {
				BUNDLE_LOADER = "$(TEST_HOST)";
				FRAMEWORK_SEARCH_PATHS = (
					"$(SDKROOT)/Developer/Library/Frameworks",
					"$(inherited)",
				);
				INFOPLIST_FILE = bangTests/Info.plist;
				LD_RUNPATH_SEARCH_PATHS = "$(inherited) @executable_path/Frameworks @loader_path/Frameworks";
				PRODUCT_NAME = "$(TARGET_NAME)";
				TEST_HOST = "$(BUILT_PRODUCTS_DIR)/bang.app/bang";
			};
			name = Release;
		};
/* End XCBuildConfiguration section */

/* Begin XCConfigurationList section */
		B8FDC5081A818EDC00D4511E /* Build configuration list for PBXProject "bang" */ = {
			isa = XCConfigurationList;
			buildConfigurations = (
				B8FDC52A1A818EDC00D4511E /* Debug */,
				B8FDC52B1A818EDC00D4511E /* Release */,
				B818F5741AA8A60A0030C84F /* Adhoc */,
			);
			defaultConfigurationIsVisible = 0;
			defaultConfigurationName = Release;
		};
		B8FDC52C1A818EDC00D4511E /* Build configuration list for PBXNativeTarget "bang" */ = {
			isa = XCConfigurationList;
			buildConfigurations = (
				B8FDC52D1A818EDC00D4511E /* Debug */,
				B8FDC52E1A818EDC00D4511E /* Release */,
				B818F5751AA8A60A0030C84F /* Adhoc */,
			);
			defaultConfigurationIsVisible = 0;
			defaultConfigurationName = Release;
		};
		B8FDC52F1A818EDC00D4511E /* Build configuration list for PBXNativeTarget "bangTests" */ = {
			isa = XCConfigurationList;
			buildConfigurations = (
				B8FDC5301A818EDC00D4511E /* Debug */,
				B8FDC5311A818EDC00D4511E /* Release */,
				B818F5761AA8A60A0030C84F /* Adhoc */,
			);
			defaultConfigurationIsVisible = 0;
			defaultConfigurationName = Release;
		};
/* End XCConfigurationList section */

/* Begin XCVersionGroup section */
		B85A3D0E1AEFBCC3008AC7B8 /* bang.xcdatamodeld */ = {
			isa = XCVersionGroup;
			children = (
				B85A3D0F1AEFBCC3008AC7B8 /* bang.xcdatamodel */,
			);
			currentVersion = B85A3D0F1AEFBCC3008AC7B8 /* bang.xcdatamodel */;
			path = bang.xcdatamodeld;
			sourceTree = "<group>";
			versionGroupType = wrapper.xcdatamodel;
		};
/* End XCVersionGroup section */
	};
	rootObject = B8FDC5051A818EDC00D4511E /* Project object */;
}
